// !$*UTF8*$!
{
	archiveVersion = 1;
	classes = {
	};
	objectVersion = 50;
	objects = {

/* Begin PBXBuildFile section */
		188D8CA5C2CEC6CD6E2657C9 /* Pods_PaceTests.framework in Frameworks */ = {isa = PBXBuildFile; fileRef = AC5B5B4E955A78B6929EB023 /* Pods_PaceTests.framework */; };
		5C5124BB225316FB00B8A15C /* RouteStats.swift in Sources */ = {isa = PBXBuildFile; fileRef = 5C5124BA225316FB00B8A15C /* RouteStats.swift */; };
		5C751F0E223CD7650082BC93 /* Constants.swift in Sources */ = {isa = PBXBuildFile; fileRef = 5C751F0D223CD7650082BC93 /* Constants.swift */; };
		5C8E42D6223CC85B00DEC2F4 /* CheckPoint.swift in Sources */ = {isa = PBXBuildFile; fileRef = 5C8E42D5223CC85B00DEC2F4 /* CheckPoint.swift */; };
		5C8E42DA223CCA0D00DEC2F4 /* User.swift in Sources */ = {isa = PBXBuildFile; fileRef = 5C8E42D9223CCA0D00DEC2F4 /* User.swift */; };
		5CD24196224FBFD6001AE19A /* CLLocationExtensionSpec.swift in Sources */ = {isa = PBXBuildFile; fileRef = 5CD24195224FBFD6001AE19A /* CLLocationExtensionSpec.swift */; };
		62559671225492C90036C2B9 /* StopwatchTimer.swift in Sources */ = {isa = PBXBuildFile; fileRef = 62559670225492C90036C2B9 /* StopwatchTimer.swift */; };
		6255967322549B2D0036C2B9 /* Formatter.swift in Sources */ = {isa = PBXBuildFile; fileRef = 6255967222549B2D0036C2B9 /* Formatter.swift */; };
		625596752254AE050036C2B9 /* RouteCollectionViewCell.swift in Sources */ = {isa = PBXBuildFile; fileRef = 625596742254AE050036C2B9 /* RouteCollectionViewCell.swift */; };
		625596772254AE200036C2B9 /* RouteCollectionViewCell.xib in Resources */ = {isa = PBXBuildFile; fileRef = 625596762254AE200036C2B9 /* RouteCollectionViewCell.xib */; };
		62A7C5BE224EB087009585D3 /* NavigableController .swift in Sources */ = {isa = PBXBuildFile; fileRef = 62A7C5BD224EB087009585D3 /* NavigableController .swift */; };
		62A7C5C0224F4D32009585D3 /* RunAnalysisController.swift in Sources */ = {isa = PBXBuildFile; fileRef = 62A7C5BF224F4D32009585D3 /* RunAnalysisController.swift */; };
		62A7C5C2224F6041009585D3 /* UserStatsView.xib in Resources */ = {isa = PBXBuildFile; fileRef = 62A7C5C1224F6041009585D3 /* UserStatsView.xib */; };
		62A7C5C4224F6053009585D3 /* UserStatsView.swift in Sources */ = {isa = PBXBuildFile; fileRef = 62A7C5C3224F6053009585D3 /* UserStatsView.swift */; };
		62F9DD8B2255167300B5E1B5 /* RequireLoginController.swift in Sources */ = {isa = PBXBuildFile; fileRef = 62F9DD8A2255167300B5E1B5 /* RequireLoginController.swift */; };
		62FF750C22413F73008847CC /* CLLocation+Extension.swift in Sources */ = {isa = PBXBuildFile; fileRef = 62FF750B22413F73008847CC /* CLLocation+Extension.swift */; };
		62FF75262244CE8F008847CC /* ProfileViewController.swift in Sources */ = {isa = PBXBuildFile; fileRef = 62FF75212244CE8F008847CC /* ProfileViewController.swift */; };
		62FF75272244CE8F008847CC /* FavouriteViewController.swift in Sources */ = {isa = PBXBuildFile; fileRef = 62FF75222244CE8F008847CC /* FavouriteViewController.swift */; };
		62FF752E22495B54008847CC /* RunCollectionViewCell.swift in Sources */ = {isa = PBXBuildFile; fileRef = 62FF752D22495B54008847CC /* RunCollectionViewCell.swift */; };
		62FF753022495BB6008847CC /* RunCollectionViewCell.xib in Resources */ = {isa = PBXBuildFile; fileRef = 62FF752F22495BB6008847CC /* RunCollectionViewCell.xib */; };
		62FF753222495E36008847CC /* ViewDelegate.swift in Sources */ = {isa = PBXBuildFile; fileRef = 62FF753122495E36008847CC /* ViewDelegate.swift */; };
		71F83142E66EA4579166BE50 /* Pods_Pace.framework in Frameworks */ = {isa = PBXBuildFile; fileRef = 928B400BE1578AC54C04BD25 /* Pods_Pace.framework */; };
		8B044D36223F7C0600AA8449 /* Route.swift in Sources */ = {isa = PBXBuildFile; fileRef = 8B044D34223F7C0600AA8449 /* Route.swift */; };
		8B4F948A224BD472004500CA /* LoginViewController.swift in Sources */ = {isa = PBXBuildFile; fileRef = 8B4F9489224BD472004500CA /* LoginViewController.swift */; };
		8B59BE59223CD81100C2E9E7 /* Secrets.swift in Sources */ = {isa = PBXBuildFile; fileRef = 8B59BE58223CD81100C2E9E7 /* Secrets.swift */; };
		8BD4C56D224F618800D0CEC7 /* IdentifiableObject.swift in Sources */ = {isa = PBXBuildFile; fileRef = 8BD4C56C224F618800D0CEC7 /* IdentifiableObject.swift */; };
		8BD4C56F224F68BB00D0CEC7 /* List+Constructors.swift in Sources */ = {isa = PBXBuildFile; fileRef = 8BD4C56E224F68BB00D0CEC7 /* List+Constructors.swift */; };
		8BD4C573224F7AA800D0CEC7 /* Realm+Extensions.swift in Sources */ = {isa = PBXBuildFile; fileRef = 8BD4C572224F7AA800D0CEC7 /* Realm+Extensions.swift */; };
		8BD4C5802250FAB200D0CEC7 /* RouteManager.swift in Sources */ = {isa = PBXBuildFile; fileRef = 8BD4C57F2250FAB200D0CEC7 /* RouteManager.swift */; };
		8BD4C5822251011000D0CEC7 /* UserSessionManager.swift in Sources */ = {isa = PBXBuildFile; fileRef = 8BD4C5812251011000D0CEC7 /* UserSessionManager.swift */; };
		8BDED013223FB9CC00CD778D /* RouteMenuViewController.swift in Sources */ = {isa = PBXBuildFile; fileRef = 8BDED012223FB9CC00CD778D /* RouteMenuViewController.swift */; };
		8BDED015223FE2FA00CD778D /* GoogleService-Info.plist in Resources */ = {isa = PBXBuildFile; fileRef = 8BDED014223FE2FA00CD778D /* GoogleService-Info.plist */; };
		8BDFFF88224F482000F3BB3A /* Run.swift in Sources */ = {isa = PBXBuildFile; fileRef = 8BDFFF87224F482000F3BB3A /* Run.swift */; };
		8BDFFF8A224F4AC400F3BB3A /* ModelTests.swift in Sources */ = {isa = PBXBuildFile; fileRef = 8BDFFF89224F4AC400F3BB3A /* ModelTests.swift */; };
		EB0F13842250B90700E1F5C9 /* PresentedView.swift in Sources */ = {isa = PBXBuildFile; fileRef = EB0F13832250B90700E1F5C9 /* PresentedView.swift */; };
		EB29FAEC224BA4A100DF2CE6 /* ActivityViewController.swift in Sources */ = {isa = PBXBuildFile; fileRef = EB29FAEB224BA4A100DF2CE6 /* ActivityViewController.swift */; };
		EB29FAEE224BC72B00DF2CE6 /* GMSMapView+Extension.swift in Sources */ = {isa = PBXBuildFile; fileRef = EB29FAED224BC72B00DF2CE6 /* GMSMapView+Extension.swift */; };
		EB408D3B2244AD1100F9C561 /* VoiceAssistant.swift in Sources */ = {isa = PBXBuildFile; fileRef = EB408D3A2244AD1100F9C561 /* VoiceAssistant.swift */; };
		EB5E42DC2253CEF400A60207 /* DrawerViewController.swift in Sources */ = {isa = PBXBuildFile; fileRef = EB5E42DB2253CEF400A60207 /* DrawerViewController.swift */; };
		EB5E42DE2253CF4A00A60207 /* PullUpController.swift in Sources */ = {isa = PBXBuildFile; fileRef = EB5E42DD2253CF4A00A60207 /* PullUpController.swift */; };
		EB5E42E12255015A00A60207 /* ActivityViewController+Drawer.swift in Sources */ = {isa = PBXBuildFile; fileRef = EB5E42E02255015900A60207 /* ActivityViewController+Drawer.swift */; };
		EB5E42E32255080300A60207 /* ActivityViewController+Run.swift in Sources */ = {isa = PBXBuildFile; fileRef = EB5E42E22255080300A60207 /* ActivityViewController+Run.swift */; };
		EB931BC32238066500AFF868 /* AppDelegate.swift in Sources */ = {isa = PBXBuildFile; fileRef = EB931BC22238066500AFF868 /* AppDelegate.swift */; };
		EB931BC82238066500AFF868 /* Main.storyboard in Resources */ = {isa = PBXBuildFile; fileRef = EB931BC62238066500AFF868 /* Main.storyboard */; };
		EB931BCB2238066500AFF868 /* Pace.xcdatamodeld in Sources */ = {isa = PBXBuildFile; fileRef = EB931BC92238066500AFF868 /* Pace.xcdatamodeld */; };
		EB931BCD2238066800AFF868 /* Assets.xcassets in Resources */ = {isa = PBXBuildFile; fileRef = EB931BCC2238066800AFF868 /* Assets.xcassets */; };
		EB931BD02238066800AFF868 /* LaunchScreen.storyboard in Resources */ = {isa = PBXBuildFile; fileRef = EB931BCE2238066800AFF868 /* LaunchScreen.storyboard */; };
		EB931BDB2238066800AFF868 /* PaceTests.swift in Sources */ = {isa = PBXBuildFile; fileRef = EB931BDA2238066800AFF868 /* PaceTests.swift */; };
		EBAF2CB822492BD7000FCE0E /* ActivitySummaryViewController.swift in Sources */ = {isa = PBXBuildFile; fileRef = EBAF2CB722492BD6000FCE0E /* ActivitySummaryViewController.swift */; };
		EBAF2CBA22492E7C000FCE0E /* UIViewController+Render.swift in Sources */ = {isa = PBXBuildFile; fileRef = EBAF2CB922492E7C000FCE0E /* UIViewController+Render.swift */; };
/* End PBXBuildFile section */

/* Begin PBXContainerItemProxy section */
		EB931BD72238066800AFF868 /* PBXContainerItemProxy */ = {
			isa = PBXContainerItemProxy;
			containerPortal = EB931BB72238066500AFF868 /* Project object */;
			proxyType = 1;
			remoteGlobalIDString = EB931BBE2238066500AFF868;
			remoteInfo = Pace;
		};
/* End PBXContainerItemProxy section */

/* Begin PBXFileReference section */
		03C11157F7CEB9999E084193 /* Pods-PaceTests.release.xcconfig */ = {isa = PBXFileReference; includeInIndex = 1; lastKnownFileType = text.xcconfig; name = "Pods-PaceTests.release.xcconfig"; path = "Target Support Files/Pods-PaceTests/Pods-PaceTests.release.xcconfig"; sourceTree = "<group>"; };
		5C5124BA225316FB00B8A15C /* RouteStats.swift */ = {isa = PBXFileReference; lastKnownFileType = sourcecode.swift; path = RouteStats.swift; sourceTree = "<group>"; };
		5C751F0D223CD7650082BC93 /* Constants.swift */ = {isa = PBXFileReference; lastKnownFileType = sourcecode.swift; path = Constants.swift; sourceTree = "<group>"; };
		5C8E42D5223CC85B00DEC2F4 /* CheckPoint.swift */ = {isa = PBXFileReference; lastKnownFileType = sourcecode.swift; path = CheckPoint.swift; sourceTree = "<group>"; };
		5C8E42D9223CCA0D00DEC2F4 /* User.swift */ = {isa = PBXFileReference; lastKnownFileType = sourcecode.swift; path = User.swift; sourceTree = "<group>"; };
		5CD24195224FBFD6001AE19A /* CLLocationExtensionSpec.swift */ = {isa = PBXFileReference; lastKnownFileType = sourcecode.swift; path = CLLocationExtensionSpec.swift; sourceTree = "<group>"; };
		62559670225492C90036C2B9 /* StopwatchTimer.swift */ = {isa = PBXFileReference; fileEncoding = 4; lastKnownFileType = sourcecode.swift; path = StopwatchTimer.swift; sourceTree = "<group>"; };
		6255967222549B2D0036C2B9 /* Formatter.swift */ = {isa = PBXFileReference; lastKnownFileType = sourcecode.swift; path = Formatter.swift; sourceTree = "<group>"; };
		625596742254AE050036C2B9 /* RouteCollectionViewCell.swift */ = {isa = PBXFileReference; lastKnownFileType = sourcecode.swift; path = RouteCollectionViewCell.swift; sourceTree = "<group>"; };
		625596762254AE200036C2B9 /* RouteCollectionViewCell.xib */ = {isa = PBXFileReference; lastKnownFileType = file.xib; path = RouteCollectionViewCell.xib; sourceTree = "<group>"; };
		62A7C5BD224EB087009585D3 /* NavigableController .swift */ = {isa = PBXFileReference; lastKnownFileType = sourcecode.swift; path = "NavigableController .swift"; sourceTree = "<group>"; };
		62A7C5BF224F4D32009585D3 /* RunAnalysisController.swift */ = {isa = PBXFileReference; lastKnownFileType = sourcecode.swift; path = RunAnalysisController.swift; sourceTree = "<group>"; };
		62A7C5C1224F6041009585D3 /* UserStatsView.xib */ = {isa = PBXFileReference; lastKnownFileType = file.xib; path = UserStatsView.xib; sourceTree = "<group>"; };
		62A7C5C3224F6053009585D3 /* UserStatsView.swift */ = {isa = PBXFileReference; lastKnownFileType = sourcecode.swift; path = UserStatsView.swift; sourceTree = "<group>"; };
		62F9DD8A2255167300B5E1B5 /* RequireLoginController.swift */ = {isa = PBXFileReference; lastKnownFileType = sourcecode.swift; path = RequireLoginController.swift; sourceTree = "<group>"; };
		62FF750B22413F73008847CC /* CLLocation+Extension.swift */ = {isa = PBXFileReference; fileEncoding = 4; lastKnownFileType = sourcecode.swift; path = "CLLocation+Extension.swift"; sourceTree = "<group>"; };
		62FF75212244CE8F008847CC /* ProfileViewController.swift */ = {isa = PBXFileReference; fileEncoding = 4; lastKnownFileType = sourcecode.swift; path = ProfileViewController.swift; sourceTree = "<group>"; };
		62FF75222244CE8F008847CC /* FavouriteViewController.swift */ = {isa = PBXFileReference; fileEncoding = 4; lastKnownFileType = sourcecode.swift; path = FavouriteViewController.swift; sourceTree = "<group>"; };
		62FF752D22495B54008847CC /* RunCollectionViewCell.swift */ = {isa = PBXFileReference; lastKnownFileType = sourcecode.swift; path = RunCollectionViewCell.swift; sourceTree = "<group>"; };
		62FF752F22495BB6008847CC /* RunCollectionViewCell.xib */ = {isa = PBXFileReference; lastKnownFileType = file.xib; path = RunCollectionViewCell.xib; sourceTree = "<group>"; };
		62FF753122495E36008847CC /* ViewDelegate.swift */ = {isa = PBXFileReference; lastKnownFileType = sourcecode.swift; path = ViewDelegate.swift; sourceTree = "<group>"; };
		8B044D34223F7C0600AA8449 /* Route.swift */ = {isa = PBXFileReference; fileEncoding = 4; lastKnownFileType = sourcecode.swift; path = Route.swift; sourceTree = "<group>"; };
		8B4F9489224BD472004500CA /* LoginViewController.swift */ = {isa = PBXFileReference; lastKnownFileType = sourcecode.swift; path = LoginViewController.swift; sourceTree = "<group>"; };
		8B59BE58223CD81100C2E9E7 /* Secrets.swift */ = {isa = PBXFileReference; lastKnownFileType = sourcecode.swift; path = Secrets.swift; sourceTree = "<group>"; };
		8BD4C56C224F618800D0CEC7 /* IdentifiableObject.swift */ = {isa = PBXFileReference; lastKnownFileType = sourcecode.swift; path = IdentifiableObject.swift; sourceTree = "<group>"; };
		8BD4C56E224F68BB00D0CEC7 /* List+Constructors.swift */ = {isa = PBXFileReference; lastKnownFileType = sourcecode.swift; path = "List+Constructors.swift"; sourceTree = "<group>"; };
		8BD4C572224F7AA800D0CEC7 /* Realm+Extensions.swift */ = {isa = PBXFileReference; lastKnownFileType = sourcecode.swift; path = "Realm+Extensions.swift"; sourceTree = "<group>"; };
		8BD4C57F2250FAB200D0CEC7 /* RouteManager.swift */ = {isa = PBXFileReference; lastKnownFileType = sourcecode.swift; path = RouteManager.swift; sourceTree = "<group>"; };
		8BD4C5812251011000D0CEC7 /* UserSessionManager.swift */ = {isa = PBXFileReference; fileEncoding = 4; lastKnownFileType = sourcecode.swift; path = UserSessionManager.swift; sourceTree = "<group>"; };
		8BDED012223FB9CC00CD778D /* RouteMenuViewController.swift */ = {isa = PBXFileReference; lastKnownFileType = sourcecode.swift; path = RouteMenuViewController.swift; sourceTree = "<group>"; };
		8BDED014223FE2FA00CD778D /* GoogleService-Info.plist */ = {isa = PBXFileReference; fileEncoding = 4; lastKnownFileType = text.plist.xml; path = "GoogleService-Info.plist"; sourceTree = "<group>"; };
		8BDFFF87224F482000F3BB3A /* Run.swift */ = {isa = PBXFileReference; fileEncoding = 4; lastKnownFileType = sourcecode.swift; path = Run.swift; sourceTree = "<group>"; };
		8BDFFF89224F4AC400F3BB3A /* ModelTests.swift */ = {isa = PBXFileReference; lastKnownFileType = sourcecode.swift; path = ModelTests.swift; sourceTree = "<group>"; };
		928B400BE1578AC54C04BD25 /* Pods_Pace.framework */ = {isa = PBXFileReference; explicitFileType = wrapper.framework; includeInIndex = 0; path = Pods_Pace.framework; sourceTree = BUILT_PRODUCTS_DIR; };
		946062D947F373A958980C43 /* Pods-PaceTests.debug.xcconfig */ = {isa = PBXFileReference; includeInIndex = 1; lastKnownFileType = text.xcconfig; name = "Pods-PaceTests.debug.xcconfig"; path = "Target Support Files/Pods-PaceTests/Pods-PaceTests.debug.xcconfig"; sourceTree = "<group>"; };
		9E4EDAB24273E924F479225B /* Pods-Pace.release.xcconfig */ = {isa = PBXFileReference; includeInIndex = 1; lastKnownFileType = text.xcconfig; name = "Pods-Pace.release.xcconfig"; path = "Target Support Files/Pods-Pace/Pods-Pace.release.xcconfig"; sourceTree = "<group>"; };
		AC5B5B4E955A78B6929EB023 /* Pods_PaceTests.framework */ = {isa = PBXFileReference; explicitFileType = wrapper.framework; includeInIndex = 0; path = Pods_PaceTests.framework; sourceTree = BUILT_PRODUCTS_DIR; };
		EB0F13832250B90700E1F5C9 /* PresentedView.swift */ = {isa = PBXFileReference; lastKnownFileType = sourcecode.swift; path = PresentedView.swift; sourceTree = "<group>"; };
		EB29FAEB224BA4A100DF2CE6 /* ActivityViewController.swift */ = {isa = PBXFileReference; lastKnownFileType = sourcecode.swift; path = ActivityViewController.swift; sourceTree = "<group>"; };
		EB29FAED224BC72B00DF2CE6 /* GMSMapView+Extension.swift */ = {isa = PBXFileReference; lastKnownFileType = sourcecode.swift; path = "GMSMapView+Extension.swift"; sourceTree = "<group>"; };
		EB408D3A2244AD1100F9C561 /* VoiceAssistant.swift */ = {isa = PBXFileReference; lastKnownFileType = sourcecode.swift; path = VoiceAssistant.swift; sourceTree = "<group>"; };
		EB5E42DB2253CEF400A60207 /* DrawerViewController.swift */ = {isa = PBXFileReference; lastKnownFileType = sourcecode.swift; path = DrawerViewController.swift; sourceTree = "<group>"; };
		EB5E42DD2253CF4A00A60207 /* PullUpController.swift */ = {isa = PBXFileReference; lastKnownFileType = sourcecode.swift; path = PullUpController.swift; sourceTree = "<group>"; };
		EB5E42E02255015900A60207 /* ActivityViewController+Drawer.swift */ = {isa = PBXFileReference; lastKnownFileType = sourcecode.swift; path = "ActivityViewController+Drawer.swift"; sourceTree = "<group>"; };
		EB5E42E22255080300A60207 /* ActivityViewController+Run.swift */ = {isa = PBXFileReference; lastKnownFileType = sourcecode.swift; path = "ActivityViewController+Run.swift"; sourceTree = "<group>"; };
		EB931BBF2238066500AFF868 /* Pace.app */ = {isa = PBXFileReference; explicitFileType = wrapper.application; includeInIndex = 0; path = Pace.app; sourceTree = BUILT_PRODUCTS_DIR; };
		EB931BC22238066500AFF868 /* AppDelegate.swift */ = {isa = PBXFileReference; lastKnownFileType = sourcecode.swift; path = AppDelegate.swift; sourceTree = "<group>"; };
		EB931BC72238066500AFF868 /* Base */ = {isa = PBXFileReference; lastKnownFileType = file.storyboard; name = Base; path = Base.lproj/Main.storyboard; sourceTree = "<group>"; };
		EB931BCA2238066500AFF868 /* Pace.xcdatamodel */ = {isa = PBXFileReference; lastKnownFileType = wrapper.xcdatamodel; path = Pace.xcdatamodel; sourceTree = "<group>"; };
		EB931BCC2238066800AFF868 /* Assets.xcassets */ = {isa = PBXFileReference; lastKnownFileType = folder.assetcatalog; path = Assets.xcassets; sourceTree = "<group>"; };
		EB931BCF2238066800AFF868 /* Base */ = {isa = PBXFileReference; lastKnownFileType = file.storyboard; name = Base; path = Base.lproj/LaunchScreen.storyboard; sourceTree = "<group>"; };
		EB931BD12238066800AFF868 /* Info.plist */ = {isa = PBXFileReference; lastKnownFileType = text.plist.xml; path = Info.plist; sourceTree = "<group>"; };
		EB931BD62238066800AFF868 /* PaceTests.xctest */ = {isa = PBXFileReference; explicitFileType = wrapper.cfbundle; includeInIndex = 0; path = PaceTests.xctest; sourceTree = BUILT_PRODUCTS_DIR; };
		EB931BDA2238066800AFF868 /* PaceTests.swift */ = {isa = PBXFileReference; lastKnownFileType = sourcecode.swift; path = PaceTests.swift; sourceTree = "<group>"; };
		EB931BDC2238066800AFF868 /* Info.plist */ = {isa = PBXFileReference; lastKnownFileType = text.plist.xml; path = Info.plist; sourceTree = "<group>"; };
		EBAF2CB722492BD6000FCE0E /* ActivitySummaryViewController.swift */ = {isa = PBXFileReference; lastKnownFileType = sourcecode.swift; path = ActivitySummaryViewController.swift; sourceTree = "<group>"; };
		EBAF2CB922492E7C000FCE0E /* UIViewController+Render.swift */ = {isa = PBXFileReference; lastKnownFileType = sourcecode.swift; path = "UIViewController+Render.swift"; sourceTree = "<group>"; };
		F1B14D43ECC2EE78A3B9F30D /* Pods-PaceUITests.debug.xcconfig */ = {isa = PBXFileReference; includeInIndex = 1; lastKnownFileType = text.xcconfig; name = "Pods-PaceUITests.debug.xcconfig"; path = "Target Support Files/Pods-PaceUITests/Pods-PaceUITests.debug.xcconfig"; sourceTree = "<group>"; };
		F9FB2B1F3D0B2B53565C21FA /* Pods-Pace.debug.xcconfig */ = {isa = PBXFileReference; includeInIndex = 1; lastKnownFileType = text.xcconfig; name = "Pods-Pace.debug.xcconfig"; path = "Target Support Files/Pods-Pace/Pods-Pace.debug.xcconfig"; sourceTree = "<group>"; };
/* End PBXFileReference section */

/* Begin PBXFrameworksBuildPhase section */
		EB931BBC2238066500AFF868 /* Frameworks */ = {
			isa = PBXFrameworksBuildPhase;
			buildActionMask = 2147483647;
			files = (
				71F83142E66EA4579166BE50 /* Pods_Pace.framework in Frameworks */,
			);
			runOnlyForDeploymentPostprocessing = 0;
		};
		EB931BD32238066800AFF868 /* Frameworks */ = {
			isa = PBXFrameworksBuildPhase;
			buildActionMask = 2147483647;
			files = (
				188D8CA5C2CEC6CD6E2657C9 /* Pods_PaceTests.framework in Frameworks */,
			);
			runOnlyForDeploymentPostprocessing = 0;
		};
/* End PBXFrameworksBuildPhase section */

/* Begin PBXGroup section */
		5C8E42D0223CC7E900DEC2F4 /* Models */ = {
			isa = PBXGroup;
			children = (
				8BD4C57A2250F89F00D0CEC7 /* Managers */,
				5C8E42D9223CCA0D00DEC2F4 /* User.swift */,
				62FF750B22413F73008847CC /* CLLocation+Extension.swift */,
				8B044D34223F7C0600AA8449 /* Route.swift */,
				5C5124BA225316FB00B8A15C /* RouteStats.swift */,
				8BDFFF87224F482000F3BB3A /* Run.swift */,
				5C8E42D5223CC85B00DEC2F4 /* CheckPoint.swift */,
				5C751F0D223CD7650082BC93 /* Constants.swift */,
				8BD4C56C224F618800D0CEC7 /* IdentifiableObject.swift */,
				8BD4C56E224F68BB00D0CEC7 /* List+Constructors.swift */,
			);
			name = Models;
			sourceTree = "<group>";
		};
		62097179223CDB2B00BD26E1 /* views */ = {
			isa = PBXGroup;
			children = (
				62FF752D22495B54008847CC /* RunCollectionViewCell.swift */,
				62FF752F22495BB6008847CC /* RunCollectionViewCell.xib */,
				62A7C5C3224F6053009585D3 /* UserStatsView.swift */,
				62A7C5C1224F6041009585D3 /* UserStatsView.xib */,
				625596742254AE050036C2B9 /* RouteCollectionViewCell.swift */,
				625596762254AE200036C2B9 /* RouteCollectionViewCell.xib */,
			);
			name = views;
			sourceTree = "<group>";
		};
		720673039073410DB329DE67 /* Frameworks */ = {
			isa = PBXGroup;
			children = (
				928B400BE1578AC54C04BD25 /* Pods_Pace.framework */,
				AC5B5B4E955A78B6929EB023 /* Pods_PaceTests.framework */,
			);
			name = Frameworks;
			sourceTree = "<group>";
		};
		81E8E91CCDCB9BB312FAC8AB /* Pods */ = {
			isa = PBXGroup;
			children = (
				F9FB2B1F3D0B2B53565C21FA /* Pods-Pace.debug.xcconfig */,
				9E4EDAB24273E924F479225B /* Pods-Pace.release.xcconfig */,
				03C11157F7CEB9999E084193 /* Pods-PaceTests.release.xcconfig */,
				F1B14D43ECC2EE78A3B9F30D /* Pods-PaceUITests.debug.xcconfig */,
				946062D947F373A958980C43 /* Pods-PaceTests.debug.xcconfig */,
			);
			path = Pods;
			sourceTree = "<group>";
		};
		8B59BE5A223CE59600C2E9E7 /* Helpers */ = {
			isa = PBXGroup;
			children = (
				8BD4C572224F7AA800D0CEC7 /* Realm+Extensions.swift */,
				EB408D3A2244AD1100F9C561 /* VoiceAssistant.swift */,
				6255967222549B2D0036C2B9 /* Formatter.swift */,
				8B59BE58223CD81100C2E9E7 /* Secrets.swift */,
				EBAF2CB922492E7C000FCE0E /* UIViewController+Render.swift */,
				EB29FAED224BC72B00DF2CE6 /* GMSMapView+Extension.swift */,
			);
			name = Helpers;
			sourceTree = "<group>";
		};
		8BD4C57A2250F89F00D0CEC7 /* Managers */ = {
			isa = PBXGroup;
			children = (
				8BD4C5812251011000D0CEC7 /* UserSessionManager.swift */,
				8BD4C57F2250FAB200D0CEC7 /* RouteManager.swift */,
			);
			name = Managers;
			sourceTree = "<group>";
		};
		8BD4C5842252026700D0CEC7 /* LoginViews */ = {
			isa = PBXGroup;
			children = (
			);
			name = LoginViews;
			sourceTree = "<group>";
		};
		EB29FAF3224CB5F000DF2CE6 /* DrawerDisplayController */ = {
			isa = PBXGroup;
			children = (
				EB0F13832250B90700E1F5C9 /* PresentedView.swift */,
			);
			path = DrawerDisplayController;
			sourceTree = "<group>";
		};
		EB5E42DF2254EC8300A60207 /* SelectActivityView */ = {
			isa = PBXGroup;
			children = (
				EB29FAEB224BA4A100DF2CE6 /* ActivityViewController.swift */,
				EB5E42E22255080300A60207 /* ActivityViewController+Run.swift */,
				EB5E42DB2253CEF400A60207 /* DrawerViewController.swift */,
				EB5E42DD2253CF4A00A60207 /* PullUpController.swift */,
				EB5E42E02255015900A60207 /* ActivityViewController+Drawer.swift */,
				EB31FDF72255E19E00C4688C /* RunnerCell.swift */,
			);
			name = SelectActivityView;
			sourceTree = "<group>";
		};
		EB931BB62238066500AFF868 = {
			isa = PBXGroup;
			children = (
				EB931BC12238066500AFF868 /* Pace */,
				EB931BD92238066800AFF868 /* PaceTests */,
				EB931BC02238066500AFF868 /* Products */,
				720673039073410DB329DE67 /* Frameworks */,
				81E8E91CCDCB9BB312FAC8AB /* Pods */,
			);
			sourceTree = "<group>";
		};
		EB931BC02238066500AFF868 /* Products */ = {
			isa = PBXGroup;
			children = (
				EB931BBF2238066500AFF868 /* Pace.app */,
				EB931BD62238066800AFF868 /* PaceTests.xctest */,
			);
			name = Products;
			sourceTree = "<group>";
		};
		EB931BC12238066500AFF868 /* Pace */ = {
			isa = PBXGroup;
			children = (
				62559670225492C90036C2B9 /* StopwatchTimer.swift */,
				62F9DD8A2255167300B5E1B5 /* RequireLoginController.swift */,
				62FF75202244CE8F008847CC /* RunningViewController.swift */,
				62FF75222244CE8F008847CC /* FavouriteViewController.swift */,
				62FF75212244CE8F008847CC /* ProfileViewController.swift */,
				62A7C5BF224F4D32009585D3 /* RunAnalysisController.swift */,
				8BD4C5842252026700D0CEC7 /* LoginViews */,
				EBAF2CB622492BB9000FCE0E /* Activity */,
				8B59BE5A223CE59600C2E9E7 /* Helpers */,
				5C8E42D0223CC7E900DEC2F4 /* Models */,
				62097179223CDB2B00BD26E1 /* views */,
				EBC1644A223C9EE900745F91 /* Supporting Files */,
				EB931BC62238066500AFF868 /* Main.storyboard */,
				EB931BC92238066500AFF868 /* Pace.xcdatamodeld */,
				8BDED012223FB9CC00CD778D /* RouteMenuViewController.swift */,
				62FF753122495E36008847CC /* ViewDelegate.swift */,
				62A7C5BD224EB087009585D3 /* NavigableController .swift */,
				8B4F9489224BD472004500CA /* LoginViewController.swift */,
			);
			path = Pace;
			sourceTree = "<group>";
		};
		EB931BD92238066800AFF868 /* PaceTests */ = {
			isa = PBXGroup;
			children = (
				EB931BDA2238066800AFF868 /* PaceTests.swift */,
				EB931BDC2238066800AFF868 /* Info.plist */,
				8BDFFF89224F4AC400F3BB3A /* ModelTests.swift */,
				5CD24195224FBFD6001AE19A /* CLLocationExtensionSpec.swift */,
			);
			path = PaceTests;
			sourceTree = "<group>";
		};
		EBAF2CB622492BB9000FCE0E /* Activity */ = {
			isa = PBXGroup;
			children = (
				EB5E42DF2254EC8300A60207 /* SelectActivityView */,
				EBAF2CB722492BD6000FCE0E /* ActivitySummaryViewController.swift */,
			);
			name = Activity;
			sourceTree = "<group>";
		};
		EBC1644A223C9EE900745F91 /* Supporting Files */ = {
			isa = PBXGroup;
			children = (
				8BDED014223FE2FA00CD778D /* GoogleService-Info.plist */,
				EB931BC22238066500AFF868 /* AppDelegate.swift */,
				EB931BCC2238066800AFF868 /* Assets.xcassets */,
				EB931BCE2238066800AFF868 /* LaunchScreen.storyboard */,
				EB931BD12238066800AFF868 /* Info.plist */,
			);
			name = "Supporting Files";
			sourceTree = "<group>";
		};
/* End PBXGroup section */

/* Begin PBXNativeTarget section */
		EB931BBE2238066500AFF868 /* Pace */ = {
			isa = PBXNativeTarget;
			buildConfigurationList = EB931BEA2238066800AFF868 /* Build configuration list for PBXNativeTarget "Pace" */;
			buildPhases = (
				EB0651D1DE32CFE162831674 /* [CP] Check Pods Manifest.lock */,
				EB931BBB2238066500AFF868 /* Sources */,
				EB931BBC2238066500AFF868 /* Frameworks */,
				EB931BBD2238066500AFF868 /* Resources */,
				02F28FFC0156DA2E9091E066 /* [CP] Copy Pods Resources */,
				8733C2CCA5EFA20EF7A533A7 /* [CP] Embed Pods Frameworks */,
			);
			buildRules = (
			);
			dependencies = (
			);
			name = Pace;
			productName = Pace;
			productReference = EB931BBF2238066500AFF868 /* Pace.app */;
			productType = "com.apple.product-type.application";
		};
		EB931BD52238066800AFF868 /* PaceTests */ = {
			isa = PBXNativeTarget;
			buildConfigurationList = EB931BED2238066800AFF868 /* Build configuration list for PBXNativeTarget "PaceTests" */;
			buildPhases = (
				49B170E791FE7A3F25BA5A7E /* [CP] Check Pods Manifest.lock */,
				EB931BD22238066800AFF868 /* Sources */,
				EB931BD32238066800AFF868 /* Frameworks */,
				EB931BD42238066800AFF868 /* Resources */,
				943D2D23CD787FFACCDFA706 /* [CP] Embed Pods Frameworks */,
			);
			buildRules = (
			);
			dependencies = (
				EB931BD82238066800AFF868 /* PBXTargetDependency */,
			);
			name = PaceTests;
			productName = PaceTests;
			productReference = EB931BD62238066800AFF868 /* PaceTests.xctest */;
			productType = "com.apple.product-type.bundle.unit-test";
		};
/* End PBXNativeTarget section */

/* Begin PBXProject section */
		EB931BB72238066500AFF868 /* Project object */ = {
			isa = PBXProject;
			attributes = {
				LastSwiftUpdateCheck = 1010;
				LastUpgradeCheck = 1010;
				ORGANIZATIONNAME = nus.cs3217.pace;
				TargetAttributes = {
					EB931BBE2238066500AFF868 = {
						CreatedOnToolsVersion = 10.1;
						SystemCapabilities = {
							com.apple.BackgroundModes = {
								enabled = 1;
							};
						};
					};
					EB931BD52238066800AFF868 = {
						CreatedOnToolsVersion = 10.1;
						TestTargetID = EB931BBE2238066500AFF868;
					};
				};
			};
			buildConfigurationList = EB931BBA2238066500AFF868 /* Build configuration list for PBXProject "Pace" */;
			compatibilityVersion = "Xcode 9.3";
			developmentRegion = en;
			hasScannedForEncodings = 0;
			knownRegions = (
				en,
				Base,
			);
			mainGroup = EB931BB62238066500AFF868;
			productRefGroup = EB931BC02238066500AFF868 /* Products */;
			projectDirPath = "";
			projectRoot = "";
			targets = (
				EB931BBE2238066500AFF868 /* Pace */,
				EB931BD52238066800AFF868 /* PaceTests */,
			);
		};
/* End PBXProject section */

/* Begin PBXResourcesBuildPhase section */
		EB931BBD2238066500AFF868 /* Resources */ = {
			isa = PBXResourcesBuildPhase;
			buildActionMask = 2147483647;
			files = (
				EB931BD02238066800AFF868 /* LaunchScreen.storyboard in Resources */,
				8BDED015223FE2FA00CD778D /* GoogleService-Info.plist in Resources */,
				EB931BCD2238066800AFF868 /* Assets.xcassets in Resources */,
				625596772254AE200036C2B9 /* RouteCollectionViewCell.xib in Resources */,
				62A7C5C2224F6041009585D3 /* UserStatsView.xib in Resources */,
				EB931BC82238066500AFF868 /* Main.storyboard in Resources */,
				62FF753022495BB6008847CC /* RunCollectionViewCell.xib in Resources */,
			);
			runOnlyForDeploymentPostprocessing = 0;
		};
		EB931BD42238066800AFF868 /* Resources */ = {
			isa = PBXResourcesBuildPhase;
			buildActionMask = 2147483647;
			files = (
			);
			runOnlyForDeploymentPostprocessing = 0;
		};
/* End PBXResourcesBuildPhase section */

/* Begin PBXShellScriptBuildPhase section */
		02F28FFC0156DA2E9091E066 /* [CP] Copy Pods Resources */ = {
			isa = PBXShellScriptBuildPhase;
			buildActionMask = 2147483647;
			files = (
			);
			inputFileListPaths = (
			);
			inputPaths = (
				"${PODS_ROOT}/Target Support Files/Pods-Pace/Pods-Pace-resources.sh",
				"${PODS_ROOT}/GoogleMaps/Maps/Frameworks/GoogleMaps.framework/Resources/GoogleMaps.bundle",
				"${PODS_ROOT}/GooglePlaces/Frameworks/GooglePlaces.framework/Resources/GooglePlaces.bundle",
			);
			name = "[CP] Copy Pods Resources";
			outputFileListPaths = (
			);
			outputPaths = (
				"${TARGET_BUILD_DIR}/${UNLOCALIZED_RESOURCES_FOLDER_PATH}/GoogleMaps.bundle",
				"${TARGET_BUILD_DIR}/${UNLOCALIZED_RESOURCES_FOLDER_PATH}/GooglePlaces.bundle",
			);
			runOnlyForDeploymentPostprocessing = 0;
			shellPath = /bin/sh;
			shellScript = "\"${PODS_ROOT}/Target Support Files/Pods-Pace/Pods-Pace-resources.sh\"\n";
			showEnvVarsInLog = 0;
		};
		49B170E791FE7A3F25BA5A7E /* [CP] Check Pods Manifest.lock */ = {
			isa = PBXShellScriptBuildPhase;
			buildActionMask = 2147483647;
			files = (
			);
			inputFileListPaths = (
			);
			inputPaths = (
				"${PODS_PODFILE_DIR_PATH}/Podfile.lock",
				"${PODS_ROOT}/Manifest.lock",
			);
			name = "[CP] Check Pods Manifest.lock";
			outputFileListPaths = (
			);
			outputPaths = (
				"$(DERIVED_FILE_DIR)/Pods-PaceTests-checkManifestLockResult.txt",
			);
			runOnlyForDeploymentPostprocessing = 0;
			shellPath = /bin/sh;
			shellScript = "diff \"${PODS_PODFILE_DIR_PATH}/Podfile.lock\" \"${PODS_ROOT}/Manifest.lock\" > /dev/null\nif [ $? != 0 ] ; then\n    # print error to STDERR\n    echo \"error: The sandbox is not in sync with the Podfile.lock. Run 'pod install' or update your CocoaPods installation.\" >&2\n    exit 1\nfi\n# This output is used by Xcode 'outputs' to avoid re-running this script phase.\necho \"SUCCESS\" > \"${SCRIPT_OUTPUT_FILE_0}\"\n";
			showEnvVarsInLog = 0;
		};
		8733C2CCA5EFA20EF7A533A7 /* [CP] Embed Pods Frameworks */ = {
			isa = PBXShellScriptBuildPhase;
			buildActionMask = 2147483647;
			files = (
			);
			inputFileListPaths = (
			);
			inputPaths = (
				"${PODS_ROOT}/Target Support Files/Pods-Pace/Pods-Pace-frameworks.sh",
				"${BUILT_PRODUCTS_DIR}/Bolts/Bolts.framework",
				"${BUILT_PRODUCTS_DIR}/FBSDKCoreKit/FBSDKCoreKit.framework",
				"${BUILT_PRODUCTS_DIR}/FBSDKLoginKit/FBSDKLoginKit.framework",
				"${BUILT_PRODUCTS_DIR}/FBSDKShareKit/FBSDKShareKit.framework",
				"${BUILT_PRODUCTS_DIR}/FacebookCore/FacebookCore.framework",
				"${BUILT_PRODUCTS_DIR}/FacebookLogin/FacebookLogin.framework",
				"${BUILT_PRODUCTS_DIR}/FacebookShare/FacebookShare.framework",
				"${BUILT_PRODUCTS_DIR}/FaveButton/FaveButton.framework",
				"${BUILT_PRODUCTS_DIR}/Realm/Realm.framework",
				"${BUILT_PRODUCTS_DIR}/RealmSwift/RealmSwift.framework",
			);
			name = "[CP] Embed Pods Frameworks";
			outputFileListPaths = (
			);
			outputPaths = (
				"${TARGET_BUILD_DIR}/${FRAMEWORKS_FOLDER_PATH}/Bolts.framework",
				"${TARGET_BUILD_DIR}/${FRAMEWORKS_FOLDER_PATH}/FBSDKCoreKit.framework",
				"${TARGET_BUILD_DIR}/${FRAMEWORKS_FOLDER_PATH}/FBSDKLoginKit.framework",
				"${TARGET_BUILD_DIR}/${FRAMEWORKS_FOLDER_PATH}/FBSDKShareKit.framework",
				"${TARGET_BUILD_DIR}/${FRAMEWORKS_FOLDER_PATH}/FacebookCore.framework",
				"${TARGET_BUILD_DIR}/${FRAMEWORKS_FOLDER_PATH}/FacebookLogin.framework",
				"${TARGET_BUILD_DIR}/${FRAMEWORKS_FOLDER_PATH}/FacebookShare.framework",
				"${TARGET_BUILD_DIR}/${FRAMEWORKS_FOLDER_PATH}/FaveButton.framework",
				"${TARGET_BUILD_DIR}/${FRAMEWORKS_FOLDER_PATH}/Realm.framework",
				"${TARGET_BUILD_DIR}/${FRAMEWORKS_FOLDER_PATH}/RealmSwift.framework",
			);
			runOnlyForDeploymentPostprocessing = 0;
			shellPath = /bin/sh;
			shellScript = "\"${PODS_ROOT}/Target Support Files/Pods-Pace/Pods-Pace-frameworks.sh\"\n";
			showEnvVarsInLog = 0;
		};
		943D2D23CD787FFACCDFA706 /* [CP] Embed Pods Frameworks */ = {
			isa = PBXShellScriptBuildPhase;
			buildActionMask = 2147483647;
			files = (
			);
			inputFileListPaths = (
			);
			inputPaths = (
				"${PODS_ROOT}/Target Support Files/Pods-PaceTests/Pods-PaceTests-frameworks.sh",
				"${BUILT_PRODUCTS_DIR}/Nimble/Nimble.framework",
				"${BUILT_PRODUCTS_DIR}/Quick/Quick.framework",
			);
			name = "[CP] Embed Pods Frameworks";
			outputFileListPaths = (
			);
			outputPaths = (
				"${TARGET_BUILD_DIR}/${FRAMEWORKS_FOLDER_PATH}/Nimble.framework",
				"${TARGET_BUILD_DIR}/${FRAMEWORKS_FOLDER_PATH}/Quick.framework",
			);
			runOnlyForDeploymentPostprocessing = 0;
			shellPath = /bin/sh;
			shellScript = "\"${PODS_ROOT}/Target Support Files/Pods-PaceTests/Pods-PaceTests-frameworks.sh\"\n";
			showEnvVarsInLog = 0;
		};
		EB0651D1DE32CFE162831674 /* [CP] Check Pods Manifest.lock */ = {
			isa = PBXShellScriptBuildPhase;
			buildActionMask = 2147483647;
			files = (
			);
			inputFileListPaths = (
			);
			inputPaths = (
				"${PODS_PODFILE_DIR_PATH}/Podfile.lock",
				"${PODS_ROOT}/Manifest.lock",
			);
			name = "[CP] Check Pods Manifest.lock";
			outputFileListPaths = (
			);
			outputPaths = (
				"$(DERIVED_FILE_DIR)/Pods-Pace-checkManifestLockResult.txt",
			);
			runOnlyForDeploymentPostprocessing = 0;
			shellPath = /bin/sh;
			shellScript = "diff \"${PODS_PODFILE_DIR_PATH}/Podfile.lock\" \"${PODS_ROOT}/Manifest.lock\" > /dev/null\nif [ $? != 0 ] ; then\n    # print error to STDERR\n    echo \"error: The sandbox is not in sync with the Podfile.lock. Run 'pod install' or update your CocoaPods installation.\" >&2\n    exit 1\nfi\n# This output is used by Xcode 'outputs' to avoid re-running this script phase.\necho \"SUCCESS\" > \"${SCRIPT_OUTPUT_FILE_0}\"\n";
			showEnvVarsInLog = 0;
		};
/* End PBXShellScriptBuildPhase section */

/* Begin PBXSourcesBuildPhase section */
		EB931BBB2238066500AFF868 /* Sources */ = {
			isa = PBXSourcesBuildPhase;
			buildActionMask = 2147483647;
			files = (
				8BD4C56F224F68BB00D0CEC7 /* List+Constructors.swift in Sources */,
				62559671225492C90036C2B9 /* StopwatchTimer.swift in Sources */,
				8B4F948A224BD472004500CA /* LoginViewController.swift in Sources */,
				8B59BE59223CD81100C2E9E7 /* Secrets.swift in Sources */,
				62FF753222495E36008847CC /* ViewDelegate.swift in Sources */,
				625596752254AE050036C2B9 /* RouteCollectionViewCell.swift in Sources */,
				6209717F223CDFDF00BD26E1 /* StopWatch.swift in Sources */,
				5C5124BB225316FB00B8A15C /* RouteStats.swift in Sources */,
				EBAF2CB822492BD7000FCE0E /* ActivitySummaryViewController.swift in Sources */,
				62097178223CD41900BD26E1 /* RunViewController.swift in Sources */,
				EB5E42E32255080300A60207 /* ActivityViewController+Run.swift in Sources */,
				EB5E42DE2253CF4A00A60207 /* PullUpController.swift in Sources */,
				EB31FDF82255E19E00C4688C /* RunnerCell.swift in Sources */,
				EB408D3B2244AD1100F9C561 /* VoiceAssistant.swift in Sources */,
				62FF75262244CE8F008847CC /* ProfileViewController.swift in Sources */,
				EBAF2CBA22492E7C000FCE0E /* UIViewController+Render.swift in Sources */,
				EB931BC32238066500AFF868 /* AppDelegate.swift in Sources */,
				8BD4C5802250FAB200D0CEC7 /* RouteManager.swift in Sources */,
				8BD4C5822251011000D0CEC7 /* UserSessionManager.swift in Sources */,
				8BDFFF88224F482000F3BB3A /* Run.swift in Sources */,
				EB5E42DC2253CEF400A60207 /* DrawerViewController.swift in Sources */,
				62FF75272244CE8F008847CC /* FavouriteViewController.swift in Sources */,
				8B044D36223F7C0600AA8449 /* Route.swift in Sources */,
				62A7C5BE224EB087009585D3 /* NavigableController .swift in Sources */,
				EB29FAEE224BC72B00DF2CE6 /* GMSMapView+Extension.swift in Sources */,
				62FF750C22413F73008847CC /* CLLocation+Extension.swift in Sources */,
				5C751F0E223CD7650082BC93 /* Constants.swift in Sources */,
				62A7C5C4224F6053009585D3 /* UserStatsView.swift in Sources */,
				5C8E42DA223CCA0D00DEC2F4 /* User.swift in Sources */,
				62FF752E22495B54008847CC /* RunCollectionViewCell.swift in Sources */,
				EB29FAEC224BA4A100DF2CE6 /* ActivityViewController.swift in Sources */,
				5C8E42D6223CC85B00DEC2F4 /* CheckPoint.swift in Sources */,
				62F9DD8B2255167300B5E1B5 /* RequireLoginController.swift in Sources */,
				EB5E42E12255015A00A60207 /* ActivityViewController+Drawer.swift in Sources */,
				8BD4C56D224F618800D0CEC7 /* IdentifiableObject.swift in Sources */,
				62A7C5C0224F4D32009585D3 /* RunAnalysisController.swift in Sources */,
				EB931BCB2238066500AFF868 /* Pace.xcdatamodeld in Sources */,
				8BDED013223FB9CC00CD778D /* RouteMenuViewController.swift in Sources */,
				8BD4C573224F7AA800D0CEC7 /* Realm+Extensions.swift in Sources */,
				6255967322549B2D0036C2B9 /* Formatter.swift in Sources */,
			);
			runOnlyForDeploymentPostprocessing = 0;
		};
		EB931BD22238066800AFF868 /* Sources */ = {
			isa = PBXSourcesBuildPhase;
			buildActionMask = 2147483647;
			files = (
				EB931BDB2238066800AFF868 /* PaceTests.swift in Sources */,
				5CD24196224FBFD6001AE19A /* CLLocationExtensionSpec.swift in Sources */,
				8BDFFF8A224F4AC400F3BB3A /* ModelTests.swift in Sources */,
			);
			runOnlyForDeploymentPostprocessing = 0;
		};
/* End PBXSourcesBuildPhase section */

/* Begin PBXTargetDependency section */
		EB931BD82238066800AFF868 /* PBXTargetDependency */ = {
			isa = PBXTargetDependency;
			target = EB931BBE2238066500AFF868 /* Pace */;
			targetProxy = EB931BD72238066800AFF868 /* PBXContainerItemProxy */;
		};
/* End PBXTargetDependency section */

/* Begin PBXVariantGroup section */
		EB931BC62238066500AFF868 /* Main.storyboard */ = {
			isa = PBXVariantGroup;
			children = (
				EB931BC72238066500AFF868 /* Base */,
			);
			name = Main.storyboard;
			sourceTree = "<group>";
		};
		EB931BCE2238066800AFF868 /* LaunchScreen.storyboard */ = {
			isa = PBXVariantGroup;
			children = (
				EB931BCF2238066800AFF868 /* Base */,
			);
			name = LaunchScreen.storyboard;
			sourceTree = "<group>";
		};
/* End PBXVariantGroup section */

/* Begin XCBuildConfiguration section */
		EB931BE82238066800AFF868 /* Debug */ = {
			isa = XCBuildConfiguration;
			buildSettings = {
				ALWAYS_SEARCH_USER_PATHS = NO;
				CLANG_ANALYZER_NONNULL = YES;
				CLANG_ANALYZER_NUMBER_OBJECT_CONVERSION = YES_AGGRESSIVE;
				CLANG_CXX_LANGUAGE_STANDARD = "gnu++14";
				CLANG_CXX_LIBRARY = "libc++";
				CLANG_ENABLE_MODULES = YES;
				CLANG_ENABLE_OBJC_ARC = YES;
				CLANG_ENABLE_OBJC_WEAK = YES;
				CLANG_WARN_BLOCK_CAPTURE_AUTORELEASING = YES;
				CLANG_WARN_BOOL_CONVERSION = YES;
				CLANG_WARN_COMMA = YES;
				CLANG_WARN_CONSTANT_CONVERSION = YES;
				CLANG_WARN_DEPRECATED_OBJC_IMPLEMENTATIONS = YES;
				CLANG_WARN_DIRECT_OBJC_ISA_USAGE = YES_ERROR;
				CLANG_WARN_DOCUMENTATION_COMMENTS = YES;
				CLANG_WARN_EMPTY_BODY = YES;
				CLANG_WARN_ENUM_CONVERSION = YES;
				CLANG_WARN_INFINITE_RECURSION = YES;
				CLANG_WARN_INT_CONVERSION = YES;
				CLANG_WARN_NON_LITERAL_NULL_CONVERSION = YES;
				CLANG_WARN_OBJC_IMPLICIT_RETAIN_SELF = YES;
				CLANG_WARN_OBJC_LITERAL_CONVERSION = YES;
				CLANG_WARN_OBJC_ROOT_CLASS = YES_ERROR;
				CLANG_WARN_RANGE_LOOP_ANALYSIS = YES;
				CLANG_WARN_STRICT_PROTOTYPES = YES;
				CLANG_WARN_SUSPICIOUS_MOVE = YES;
				CLANG_WARN_UNGUARDED_AVAILABILITY = YES_AGGRESSIVE;
				CLANG_WARN_UNREACHABLE_CODE = YES;
				CLANG_WARN__DUPLICATE_METHOD_MATCH = YES;
				CODE_SIGN_IDENTITY = "iPhone Developer";
				COPY_PHASE_STRIP = NO;
				DEBUG_INFORMATION_FORMAT = dwarf;
				ENABLE_STRICT_OBJC_MSGSEND = YES;
				ENABLE_TESTABILITY = YES;
				GCC_C_LANGUAGE_STANDARD = gnu11;
				GCC_DYNAMIC_NO_PIC = NO;
				GCC_NO_COMMON_BLOCKS = YES;
				GCC_OPTIMIZATION_LEVEL = 0;
				GCC_PREPROCESSOR_DEFINITIONS = (
					"DEBUG=1",
					"$(inherited)",
				);
				GCC_WARN_64_TO_32_BIT_CONVERSION = YES;
				GCC_WARN_ABOUT_RETURN_TYPE = YES_ERROR;
				GCC_WARN_UNDECLARED_SELECTOR = YES;
				GCC_WARN_UNINITIALIZED_AUTOS = YES_AGGRESSIVE;
				GCC_WARN_UNUSED_FUNCTION = YES;
				GCC_WARN_UNUSED_VARIABLE = YES;
				IPHONEOS_DEPLOYMENT_TARGET = 12.1;
				MTL_ENABLE_DEBUG_INFO = INCLUDE_SOURCE;
				MTL_FAST_MATH = YES;
				ONLY_ACTIVE_ARCH = YES;
				SDKROOT = iphoneos;
				SWIFT_ACTIVE_COMPILATION_CONDITIONS = DEBUG;
				SWIFT_OPTIMIZATION_LEVEL = "-Onone";
			};
			name = Debug;
		};
		EB931BE92238066800AFF868 /* Release */ = {
			isa = XCBuildConfiguration;
			buildSettings = {
				ALWAYS_SEARCH_USER_PATHS = NO;
				CLANG_ANALYZER_NONNULL = YES;
				CLANG_ANALYZER_NUMBER_OBJECT_CONVERSION = YES_AGGRESSIVE;
				CLANG_CXX_LANGUAGE_STANDARD = "gnu++14";
				CLANG_CXX_LIBRARY = "libc++";
				CLANG_ENABLE_MODULES = YES;
				CLANG_ENABLE_OBJC_ARC = YES;
				CLANG_ENABLE_OBJC_WEAK = YES;
				CLANG_WARN_BLOCK_CAPTURE_AUTORELEASING = YES;
				CLANG_WARN_BOOL_CONVERSION = YES;
				CLANG_WARN_COMMA = YES;
				CLANG_WARN_CONSTANT_CONVERSION = YES;
				CLANG_WARN_DEPRECATED_OBJC_IMPLEMENTATIONS = YES;
				CLANG_WARN_DIRECT_OBJC_ISA_USAGE = YES_ERROR;
				CLANG_WARN_DOCUMENTATION_COMMENTS = YES;
				CLANG_WARN_EMPTY_BODY = YES;
				CLANG_WARN_ENUM_CONVERSION = YES;
				CLANG_WARN_INFINITE_RECURSION = YES;
				CLANG_WARN_INT_CONVERSION = YES;
				CLANG_WARN_NON_LITERAL_NULL_CONVERSION = YES;
				CLANG_WARN_OBJC_IMPLICIT_RETAIN_SELF = YES;
				CLANG_WARN_OBJC_LITERAL_CONVERSION = YES;
				CLANG_WARN_OBJC_ROOT_CLASS = YES_ERROR;
				CLANG_WARN_RANGE_LOOP_ANALYSIS = YES;
				CLANG_WARN_STRICT_PROTOTYPES = YES;
				CLANG_WARN_SUSPICIOUS_MOVE = YES;
				CLANG_WARN_UNGUARDED_AVAILABILITY = YES_AGGRESSIVE;
				CLANG_WARN_UNREACHABLE_CODE = YES;
				CLANG_WARN__DUPLICATE_METHOD_MATCH = YES;
				CODE_SIGN_IDENTITY = "iPhone Developer";
				COPY_PHASE_STRIP = NO;
				DEBUG_INFORMATION_FORMAT = "dwarf-with-dsym";
				ENABLE_NS_ASSERTIONS = NO;
				ENABLE_STRICT_OBJC_MSGSEND = YES;
				GCC_C_LANGUAGE_STANDARD = gnu11;
				GCC_NO_COMMON_BLOCKS = YES;
				GCC_WARN_64_TO_32_BIT_CONVERSION = YES;
				GCC_WARN_ABOUT_RETURN_TYPE = YES_ERROR;
				GCC_WARN_UNDECLARED_SELECTOR = YES;
				GCC_WARN_UNINITIALIZED_AUTOS = YES_AGGRESSIVE;
				GCC_WARN_UNUSED_FUNCTION = YES;
				GCC_WARN_UNUSED_VARIABLE = YES;
				IPHONEOS_DEPLOYMENT_TARGET = 12.1;
				MTL_ENABLE_DEBUG_INFO = NO;
				MTL_FAST_MATH = YES;
				SDKROOT = iphoneos;
				SWIFT_COMPILATION_MODE = wholemodule;
				SWIFT_OPTIMIZATION_LEVEL = "-O";
				VALIDATE_PRODUCT = YES;
			};
			name = Release;
		};
		EB931BEB2238066800AFF868 /* Debug */ = {
			isa = XCBuildConfiguration;
			baseConfigurationReference = F9FB2B1F3D0B2B53565C21FA /* Pods-Pace.debug.xcconfig */;
			buildSettings = {
				ASSETCATALOG_COMPILER_APPICON_NAME = AppIcon;
				CODE_SIGN_IDENTITY = "iPhone Developer";
				CODE_SIGN_STYLE = Automatic;
				DEVELOPMENT_TEAM = 7R2NJCMGC8;
				INFOPLIST_FILE = Pace/Info.plist;
				LD_RUNPATH_SEARCH_PATHS = (
					"$(inherited)",
					"@executable_path/Frameworks",
				);
				PRODUCT_BUNDLE_IDENTIFIER = nus.cs3217.a0150739b.Pace;
				PRODUCT_NAME = "$(TARGET_NAME)";
				PROVISIONING_PROFILE_SPECIFIER = "";
				SWIFT_VERSION = 4.2;
				TARGETED_DEVICE_FAMILY = "1,2";
			};
			name = Debug;
		};
		EB931BEC2238066800AFF868 /* Release */ = {
			isa = XCBuildConfiguration;
			baseConfigurationReference = 9E4EDAB24273E924F479225B /* Pods-Pace.release.xcconfig */;
			buildSettings = {
				ASSETCATALOG_COMPILER_APPICON_NAME = AppIcon;
				CODE_SIGN_IDENTITY = "iPhone Developer";
				CODE_SIGN_STYLE = Automatic;
				DEVELOPMENT_TEAM = 7R2NJCMGC8;
				INFOPLIST_FILE = Pace/Info.plist;
				LD_RUNPATH_SEARCH_PATHS = (
					"$(inherited)",
					"@executable_path/Frameworks",
				);
				PRODUCT_BUNDLE_IDENTIFIER = nus.cs3217.a0150739b.Pace;
				PRODUCT_NAME = "$(TARGET_NAME)";
				PROVISIONING_PROFILE_SPECIFIER = "";
				SWIFT_VERSION = 4.2;
				TARGETED_DEVICE_FAMILY = "1,2";
			};
			name = Release;
		};
		EB931BEE2238066800AFF868 /* Debug */ = {
			isa = XCBuildConfiguration;
			baseConfigurationReference = 946062D947F373A958980C43 /* Pods-PaceTests.debug.xcconfig */;
			buildSettings = {
				ALWAYS_EMBED_SWIFT_STANDARD_LIBRARIES = "$(inherited)";
				BUNDLE_LOADER = "$(TEST_HOST)";
				CODE_SIGN_STYLE = Automatic;
				DEVELOPMENT_TEAM = 7R2NJCMGC8;
				INFOPLIST_FILE = PaceTests/Info.plist;
				LD_RUNPATH_SEARCH_PATHS = (
					"$(inherited)",
					"@executable_path/Frameworks",
					"@loader_path/Frameworks",
				);
				PRODUCT_BUNDLE_IDENTIFIER = nus.cs3217.pace.PaceTests;
				PRODUCT_NAME = "$(TARGET_NAME)";
				SWIFT_VERSION = 4.2;
				TARGETED_DEVICE_FAMILY = "1,2";
				TEST_HOST = "$(BUILT_PRODUCTS_DIR)/Pace.app/Pace";
			};
			name = Debug;
		};
		EB931BEF2238066800AFF868 /* Release */ = {
			isa = XCBuildConfiguration;
			baseConfigurationReference = 03C11157F7CEB9999E084193 /* Pods-PaceTests.release.xcconfig */;
			buildSettings = {
				ALWAYS_EMBED_SWIFT_STANDARD_LIBRARIES = "$(inherited)";
				BUNDLE_LOADER = "$(TEST_HOST)";
				CODE_SIGN_STYLE = Automatic;
				DEVELOPMENT_TEAM = 7R2NJCMGC8;
				INFOPLIST_FILE = PaceTests/Info.plist;
				LD_RUNPATH_SEARCH_PATHS = (
					"$(inherited)",
					"@executable_path/Frameworks",
					"@loader_path/Frameworks",
				);
				PRODUCT_BUNDLE_IDENTIFIER = nus.cs3217.pace.PaceTests;
				PRODUCT_NAME = "$(TARGET_NAME)";
				SWIFT_VERSION = 4.2;
				TARGETED_DEVICE_FAMILY = "1,2";
				TEST_HOST = "$(BUILT_PRODUCTS_DIR)/Pace.app/Pace";
			};
			name = Release;
		};
/* End XCBuildConfiguration section */

/* Begin XCConfigurationList section */
		EB931BBA2238066500AFF868 /* Build configuration list for PBXProject "Pace" */ = {
			isa = XCConfigurationList;
			buildConfigurations = (
				EB931BE82238066800AFF868 /* Debug */,
				EB931BE92238066800AFF868 /* Release */,
			);
			defaultConfigurationIsVisible = 0;
			defaultConfigurationName = Release;
		};
		EB931BEA2238066800AFF868 /* Build configuration list for PBXNativeTarget "Pace" */ = {
			isa = XCConfigurationList;
			buildConfigurations = (
				EB931BEB2238066800AFF868 /* Debug */,
				EB931BEC2238066800AFF868 /* Release */,
			);
			defaultConfigurationIsVisible = 0;
			defaultConfigurationName = Release;
		};
		EB931BED2238066800AFF868 /* Build configuration list for PBXNativeTarget "PaceTests" */ = {
			isa = XCConfigurationList;
			buildConfigurations = (
				EB931BEE2238066800AFF868 /* Debug */,
				EB931BEF2238066800AFF868 /* Release */,
			);
			defaultConfigurationIsVisible = 0;
			defaultConfigurationName = Release;
		};
/* End XCConfigurationList section */

/* Begin XCVersionGroup section */
		EB931BC92238066500AFF868 /* Pace.xcdatamodeld */ = {
			isa = XCVersionGroup;
			children = (
				EB931BCA2238066500AFF868 /* Pace.xcdatamodel */,
			);
			currentVersion = EB931BCA2238066500AFF868 /* Pace.xcdatamodel */;
			path = Pace.xcdatamodeld;
			sourceTree = "<group>";
			versionGroupType = wrapper.xcdatamodel;
		};
/* End XCVersionGroup section */
	};
	rootObject = EB931BB72238066500AFF868 /* Project object */;
}
