// !$*UTF8*$!
{
	archiveVersion = 1;
	classes = {
	};
	objectVersion = 50;
	objects = {

/* Begin PBXBuildFile section */
		59309862D24B9736C847B4AD /* Pods_Pace.framework in Frameworks */ = {isa = PBXBuildFile; fileRef = B77AB8B861453F60121624B7 /* Pods_Pace.framework */; };
		5C751F0E223CD7650082BC93 /* Constants.swift in Sources */ = {isa = PBXBuildFile; fileRef = 5C751F0D223CD7650082BC93 /* Constants.swift */; };
		5C8E42D2223CC80300DEC2F4 /* Route.swift in Sources */ = {isa = PBXBuildFile; fileRef = 5C8E42D1223CC80300DEC2F4 /* Route.swift */; };
		5C8E42D4223CC84800DEC2F4 /* Pace.swift in Sources */ = {isa = PBXBuildFile; fileRef = 5C8E42D3223CC84800DEC2F4 /* Pace.swift */; };
		5C8E42D6223CC85B00DEC2F4 /* CheckPoint.swift in Sources */ = {isa = PBXBuildFile; fileRef = 5C8E42D5223CC85B00DEC2F4 /* CheckPoint.swift */; };
		5C8E42D8223CC95500DEC2F4 /* Location.swift in Sources */ = {isa = PBXBuildFile; fileRef = 5C8E42D7223CC95500DEC2F4 /* Location.swift */; };
		5C8E42DA223CCA0D00DEC2F4 /* User.swift in Sources */ = {isa = PBXBuildFile; fileRef = 5C8E42D9223CCA0D00DEC2F4 /* User.swift */; };
		6445D550064D1B2689B8B8F8 /* Pods_PaceUITests.framework in Frameworks */ = {isa = PBXBuildFile; fileRef = 02CC74146F089ECCAF13B46B /* Pods_PaceUITests.framework */; };
		ACCED92F64C8D19C5646D635 /* Pods_PaceTests.framework in Frameworks */ = {isa = PBXBuildFile; fileRef = DBC06DA1E905BCD8ACE259AF /* Pods_PaceTests.framework */; };
		EB931BC32238066500AFF868 /* AppDelegate.swift in Sources */ = {isa = PBXBuildFile; fileRef = EB931BC22238066500AFF868 /* AppDelegate.swift */; };
		EB931BC52238066500AFF868 /* ViewController.swift in Sources */ = {isa = PBXBuildFile; fileRef = EB931BC42238066500AFF868 /* ViewController.swift */; };
		EB931BC82238066500AFF868 /* Main.storyboard in Resources */ = {isa = PBXBuildFile; fileRef = EB931BC62238066500AFF868 /* Main.storyboard */; };
		EB931BCB2238066500AFF868 /* Pace.xcdatamodeld in Sources */ = {isa = PBXBuildFile; fileRef = EB931BC92238066500AFF868 /* Pace.xcdatamodeld */; };
		EB931BCD2238066800AFF868 /* Assets.xcassets in Resources */ = {isa = PBXBuildFile; fileRef = EB931BCC2238066800AFF868 /* Assets.xcassets */; };
		EB931BD02238066800AFF868 /* LaunchScreen.storyboard in Resources */ = {isa = PBXBuildFile; fileRef = EB931BCE2238066800AFF868 /* LaunchScreen.storyboard */; };
		EB931BDB2238066800AFF868 /* PaceTests.swift in Sources */ = {isa = PBXBuildFile; fileRef = EB931BDA2238066800AFF868 /* PaceTests.swift */; };
		EB931BE62238066800AFF868 /* PaceUITests.swift in Sources */ = {isa = PBXBuildFile; fileRef = EB931BE52238066800AFF868 /* PaceUITests.swift */; };
		EBC1644C223CA01100745F91 /* Secrets.swift in Sources */ = {isa = PBXBuildFile; fileRef = EBC1644B223CA01100745F91 /* Secrets.swift */; };
/* End PBXBuildFile section */

/* Begin PBXContainerItemProxy section */
		EB931BD72238066800AFF868 /* PBXContainerItemProxy */ = {
			isa = PBXContainerItemProxy;
			containerPortal = EB931BB72238066500AFF868 /* Project object */;
			proxyType = 1;
			remoteGlobalIDString = EB931BBE2238066500AFF868;
			remoteInfo = Pace;
		};
		EB931BE22238066800AFF868 /* PBXContainerItemProxy */ = {
			isa = PBXContainerItemProxy;
			containerPortal = EB931BB72238066500AFF868 /* Project object */;
			proxyType = 1;
			remoteGlobalIDString = EB931BBE2238066500AFF868;
			remoteInfo = Pace;
		};
/* End PBXContainerItemProxy section */

/* Begin PBXFileReference section */
		009F26F74F02A0C26C90665C /* Pods-Pace.debug.xcconfig */ = {isa = PBXFileReference; includeInIndex = 1; lastKnownFileType = text.xcconfig; name = "Pods-Pace.debug.xcconfig"; path = "Pods/Target Support Files/Pods-Pace/Pods-Pace.debug.xcconfig"; sourceTree = "<group>"; };
		02CC74146F089ECCAF13B46B /* Pods_PaceUITests.framework */ = {isa = PBXFileReference; explicitFileType = wrapper.framework; includeInIndex = 0; path = Pods_PaceUITests.framework; sourceTree = BUILT_PRODUCTS_DIR; };
		0E01BB1346D898AD0B0015B0 /* Pods-PaceUITests.debug.xcconfig */ = {isa = PBXFileReference; includeInIndex = 1; lastKnownFileType = text.xcconfig; name = "Pods-PaceUITests.debug.xcconfig"; path = "Pods/Target Support Files/Pods-PaceUITests/Pods-PaceUITests.debug.xcconfig"; sourceTree = "<group>"; };
		13AF00EB8BE493FE42E36E87 /* Pods-PaceTests.debug.xcconfig */ = {isa = PBXFileReference; includeInIndex = 1; lastKnownFileType = text.xcconfig; name = "Pods-PaceTests.debug.xcconfig"; path = "Pods/Target Support Files/Pods-PaceTests/Pods-PaceTests.debug.xcconfig"; sourceTree = "<group>"; };
		5510D2BDF1E796C86A54DBAA /* Pods-PaceTests.release.xcconfig */ = {isa = PBXFileReference; includeInIndex = 1; lastKnownFileType = text.xcconfig; name = "Pods-PaceTests.release.xcconfig"; path = "Pods/Target Support Files/Pods-PaceTests/Pods-PaceTests.release.xcconfig"; sourceTree = "<group>"; };
		5C751F0D223CD7650082BC93 /* Constants.swift */ = {isa = PBXFileReference; lastKnownFileType = sourcecode.swift; path = Constants.swift; sourceTree = "<group>"; };
		5C8E42D1223CC80300DEC2F4 /* Route.swift */ = {isa = PBXFileReference; lastKnownFileType = sourcecode.swift; path = Route.swift; sourceTree = "<group>"; };
		5C8E42D3223CC84800DEC2F4 /* Pace.swift */ = {isa = PBXFileReference; lastKnownFileType = sourcecode.swift; path = Pace.swift; sourceTree = "<group>"; };
		5C8E42D5223CC85B00DEC2F4 /* CheckPoint.swift */ = {isa = PBXFileReference; lastKnownFileType = sourcecode.swift; path = CheckPoint.swift; sourceTree = "<group>"; };
		5C8E42D7223CC95500DEC2F4 /* Location.swift */ = {isa = PBXFileReference; lastKnownFileType = sourcecode.swift; path = Location.swift; sourceTree = "<group>"; };
		5C8E42D9223CCA0D00DEC2F4 /* User.swift */ = {isa = PBXFileReference; lastKnownFileType = sourcecode.swift; path = User.swift; sourceTree = "<group>"; };
		5FE7D1CA9EE9886FD4A46F45 /* Pods-Pace.release.xcconfig */ = {isa = PBXFileReference; includeInIndex = 1; lastKnownFileType = text.xcconfig; name = "Pods-Pace.release.xcconfig"; path = "Pods/Target Support Files/Pods-Pace/Pods-Pace.release.xcconfig"; sourceTree = "<group>"; };
		B77AB8B861453F60121624B7 /* Pods_Pace.framework */ = {isa = PBXFileReference; explicitFileType = wrapper.framework; includeInIndex = 0; path = Pods_Pace.framework; sourceTree = BUILT_PRODUCTS_DIR; };
		DBC06DA1E905BCD8ACE259AF /* Pods_PaceTests.framework */ = {isa = PBXFileReference; explicitFileType = wrapper.framework; includeInIndex = 0; path = Pods_PaceTests.framework; sourceTree = BUILT_PRODUCTS_DIR; };
		DD90D41F42753C4B0F69FBD8 /* Pods-PaceUITests.release.xcconfig */ = {isa = PBXFileReference; includeInIndex = 1; lastKnownFileType = text.xcconfig; name = "Pods-PaceUITests.release.xcconfig"; path = "Pods/Target Support Files/Pods-PaceUITests/Pods-PaceUITests.release.xcconfig"; sourceTree = "<group>"; };
		EB931BBF2238066500AFF868 /* Pace.app */ = {isa = PBXFileReference; explicitFileType = wrapper.application; includeInIndex = 0; path = Pace.app; sourceTree = BUILT_PRODUCTS_DIR; };
		EB931BC22238066500AFF868 /* AppDelegate.swift */ = {isa = PBXFileReference; lastKnownFileType = sourcecode.swift; path = AppDelegate.swift; sourceTree = "<group>"; };
		EB931BC42238066500AFF868 /* ViewController.swift */ = {isa = PBXFileReference; lastKnownFileType = sourcecode.swift; path = ViewController.swift; sourceTree = "<group>"; };
		EB931BC72238066500AFF868 /* Base */ = {isa = PBXFileReference; lastKnownFileType = file.storyboard; name = Base; path = Base.lproj/Main.storyboard; sourceTree = "<group>"; };
		EB931BCA2238066500AFF868 /* Pace.xcdatamodel */ = {isa = PBXFileReference; lastKnownFileType = wrapper.xcdatamodel; path = Pace.xcdatamodel; sourceTree = "<group>"; };
		EB931BCC2238066800AFF868 /* Assets.xcassets */ = {isa = PBXFileReference; lastKnownFileType = folder.assetcatalog; path = Assets.xcassets; sourceTree = "<group>"; };
		EB931BCF2238066800AFF868 /* Base */ = {isa = PBXFileReference; lastKnownFileType = file.storyboard; name = Base; path = Base.lproj/LaunchScreen.storyboard; sourceTree = "<group>"; };
		EB931BD12238066800AFF868 /* Info.plist */ = {isa = PBXFileReference; lastKnownFileType = text.plist.xml; path = Info.plist; sourceTree = "<group>"; };
		EB931BD62238066800AFF868 /* PaceTests.xctest */ = {isa = PBXFileReference; explicitFileType = wrapper.cfbundle; includeInIndex = 0; path = PaceTests.xctest; sourceTree = BUILT_PRODUCTS_DIR; };
		EB931BDA2238066800AFF868 /* PaceTests.swift */ = {isa = PBXFileReference; lastKnownFileType = sourcecode.swift; path = PaceTests.swift; sourceTree = "<group>"; };
		EB931BDC2238066800AFF868 /* Info.plist */ = {isa = PBXFileReference; lastKnownFileType = text.plist.xml; path = Info.plist; sourceTree = "<group>"; };
		EB931BE12238066800AFF868 /* PaceUITests.xctest */ = {isa = PBXFileReference; explicitFileType = wrapper.cfbundle; includeInIndex = 0; path = PaceUITests.xctest; sourceTree = BUILT_PRODUCTS_DIR; };
		EB931BE52238066800AFF868 /* PaceUITests.swift */ = {isa = PBXFileReference; lastKnownFileType = sourcecode.swift; path = PaceUITests.swift; sourceTree = "<group>"; };
		EB931BE72238066800AFF868 /* Info.plist */ = {isa = PBXFileReference; lastKnownFileType = text.plist.xml; path = Info.plist; sourceTree = "<group>"; };
		EBC1644B223CA01100745F91 /* Secrets.swift */ = {isa = PBXFileReference; lastKnownFileType = sourcecode.swift; path = Secrets.swift; sourceTree = "<group>"; };
/* End PBXFileReference section */

/* Begin PBXFrameworksBuildPhase section */
		EB931BBC2238066500AFF868 /* Frameworks */ = {
			isa = PBXFrameworksBuildPhase;
			buildActionMask = 2147483647;
			files = (
				59309862D24B9736C847B4AD /* Pods_Pace.framework in Frameworks */,
			);
			runOnlyForDeploymentPostprocessing = 0;
		};
		EB931BD32238066800AFF868 /* Frameworks */ = {
			isa = PBXFrameworksBuildPhase;
			buildActionMask = 2147483647;
			files = (
				ACCED92F64C8D19C5646D635 /* Pods_PaceTests.framework in Frameworks */,
			);
			runOnlyForDeploymentPostprocessing = 0;
		};
		EB931BDE2238066800AFF868 /* Frameworks */ = {
			isa = PBXFrameworksBuildPhase;
			buildActionMask = 2147483647;
			files = (
				6445D550064D1B2689B8B8F8 /* Pods_PaceUITests.framework in Frameworks */,
			);
			runOnlyForDeploymentPostprocessing = 0;
		};
/* End PBXFrameworksBuildPhase section */

/* Begin PBXGroup section */
		5C8E42D0223CC7E900DEC2F4 /* Models */ = {
			isa = PBXGroup;
			children = (
				5C8E42D1223CC80300DEC2F4 /* Route.swift */,
				5C8E42D9223CCA0D00DEC2F4 /* User.swift */,
				5C8E42D3223CC84800DEC2F4 /* Pace.swift */,
				5C8E42D5223CC85B00DEC2F4 /* CheckPoint.swift */,
				5C8E42D7223CC95500DEC2F4 /* Location.swift */,
				5C751F0D223CD7650082BC93 /* Constants.swift */,
			);
			name = Models;
			sourceTree = "<group>";
		};
		D6DEEEE4D6DB17AE914A5392 /* Pods */ = {
			isa = PBXGroup;
			children = (
				009F26F74F02A0C26C90665C /* Pods-Pace.debug.xcconfig */,
				5FE7D1CA9EE9886FD4A46F45 /* Pods-Pace.release.xcconfig */,
				13AF00EB8BE493FE42E36E87 /* Pods-PaceTests.debug.xcconfig */,
				5510D2BDF1E796C86A54DBAA /* Pods-PaceTests.release.xcconfig */,
				0E01BB1346D898AD0B0015B0 /* Pods-PaceUITests.debug.xcconfig */,
				DD90D41F42753C4B0F69FBD8 /* Pods-PaceUITests.release.xcconfig */,
			);
			name = Pods;
			sourceTree = "<group>";
		};
		EB931BB62238066500AFF868 = {
			isa = PBXGroup;
			children = (
				EB931BC12238066500AFF868 /* Pace */,
				EB931BD92238066800AFF868 /* PaceTests */,
				EB931BE42238066800AFF868 /* PaceUITests */,
				EB931BC02238066500AFF868 /* Products */,
				D6DEEEE4D6DB17AE914A5392 /* Pods */,
				EBA0388A980704E78E929941 /* Frameworks */,
			);
			sourceTree = "<group>";
		};
		EB931BC02238066500AFF868 /* Products */ = {
			isa = PBXGroup;
			children = (
				EB931BBF2238066500AFF868 /* Pace.app */,
				EB931BD62238066800AFF868 /* PaceTests.xctest */,
				EB931BE12238066800AFF868 /* PaceUITests.xctest */,
			);
			name = Products;
			sourceTree = "<group>";
		};
		EB931BC12238066500AFF868 /* Pace */ = {
			isa = PBXGroup;
			children = (
				5C8E42D0223CC7E900DEC2F4 /* Models */,
				EBC1644A223C9EE900745F91 /* Supporting Files */,
				EB931BC42238066500AFF868 /* ViewController.swift */,
				EB931BC62238066500AFF868 /* Main.storyboard */,
				EB931BC92238066500AFF868 /* Pace.xcdatamodeld */,
			);
			path = Pace;
			sourceTree = "<group>";
		};
		EB931BD92238066800AFF868 /* PaceTests */ = {
			isa = PBXGroup;
			children = (
				EB931BDA2238066800AFF868 /* PaceTests.swift */,
				EB931BDC2238066800AFF868 /* Info.plist */,
			);
			path = PaceTests;
			sourceTree = "<group>";
		};
		EB931BE42238066800AFF868 /* PaceUITests */ = {
			isa = PBXGroup;
			children = (
				EB931BE52238066800AFF868 /* PaceUITests.swift */,
				EB931BE72238066800AFF868 /* Info.plist */,
			);
			path = PaceUITests;
			sourceTree = "<group>";
		};
		EBA0388A980704E78E929941 /* Frameworks */ = {
			isa = PBXGroup;
			children = (
				B77AB8B861453F60121624B7 /* Pods_Pace.framework */,
				DBC06DA1E905BCD8ACE259AF /* Pods_PaceTests.framework */,
				02CC74146F089ECCAF13B46B /* Pods_PaceUITests.framework */,
			);
			name = Frameworks;
			sourceTree = "<group>";
		};
		EBC1644A223C9EE900745F91 /* Supporting Files */ = {
			isa = PBXGroup;
			children = (
				EB931BC22238066500AFF868 /* AppDelegate.swift */,
				EB931BCC2238066800AFF868 /* Assets.xcassets */,
				EB931BCE2238066800AFF868 /* LaunchScreen.storyboard */,
				EB931BD12238066800AFF868 /* Info.plist */,
				EBC1644B223CA01100745F91 /* Secrets.swift */,
			);
			name = "Supporting Files";
			sourceTree = "<group>";
		};
/* End PBXGroup section */

/* Begin PBXNativeTarget section */
		EB931BBE2238066500AFF868 /* Pace */ = {
			isa = PBXNativeTarget;
			buildConfigurationList = EB931BEA2238066800AFF868 /* Build configuration list for PBXNativeTarget "Pace" */;
			buildPhases = (
				857E0C24EC102BBE1A2404C6 /* [CP] Check Pods Manifest.lock */,
				EB931BBB2238066500AFF868 /* Sources */,
				EB931BBC2238066500AFF868 /* Frameworks */,
				EB931BBD2238066500AFF868 /* Resources */,
				02F28FFC0156DA2E9091E066 /* [CP] Copy Pods Resources */,
			);
			buildRules = (
			);
			dependencies = (
			);
			name = Pace;
			productName = Pace;
			productReference = EB931BBF2238066500AFF868 /* Pace.app */;
			productType = "com.apple.product-type.application";
		};
		EB931BD52238066800AFF868 /* PaceTests */ = {
			isa = PBXNativeTarget;
			buildConfigurationList = EB931BED2238066800AFF868 /* Build configuration list for PBXNativeTarget "PaceTests" */;
			buildPhases = (
				E68BC9062269FE385094AEA5 /* [CP] Check Pods Manifest.lock */,
				EB931BD22238066800AFF868 /* Sources */,
				EB931BD32238066800AFF868 /* Frameworks */,
				EB931BD42238066800AFF868 /* Resources */,
			);
			buildRules = (
			);
			dependencies = (
				EB931BD82238066800AFF868 /* PBXTargetDependency */,
			);
			name = PaceTests;
			productName = PaceTests;
			productReference = EB931BD62238066800AFF868 /* PaceTests.xctest */;
			productType = "com.apple.product-type.bundle.unit-test";
		};
		EB931BE02238066800AFF868 /* PaceUITests */ = {
			isa = PBXNativeTarget;
			buildConfigurationList = EB931BF02238066800AFF868 /* Build configuration list for PBXNativeTarget "PaceUITests" */;
			buildPhases = (
				F11EC8A682C1C63BE99861C1 /* [CP] Check Pods Manifest.lock */,
				EB931BDD2238066800AFF868 /* Sources */,
				EB931BDE2238066800AFF868 /* Frameworks */,
				EB931BDF2238066800AFF868 /* Resources */,
			);
			buildRules = (
			);
			dependencies = (
				EB931BE32238066800AFF868 /* PBXTargetDependency */,
			);
			name = PaceUITests;
			productName = PaceUITests;
			productReference = EB931BE12238066800AFF868 /* PaceUITests.xctest */;
			productType = "com.apple.product-type.bundle.ui-testing";
		};
/* End PBXNativeTarget section */

/* Begin PBXProject section */
		EB931BB72238066500AFF868 /* Project object */ = {
			isa = PBXProject;
			attributes = {
				LastSwiftUpdateCheck = 1010;
				LastUpgradeCheck = 1010;
				ORGANIZATIONNAME = nus.cs3217.pace;
				TargetAttributes = {
					EB931BBE2238066500AFF868 = {
						CreatedOnToolsVersion = 10.1;
					};
					EB931BD52238066800AFF868 = {
						CreatedOnToolsVersion = 10.1;
						TestTargetID = EB931BBE2238066500AFF868;
					};
					EB931BE02238066800AFF868 = {
						CreatedOnToolsVersion = 10.1;
						TestTargetID = EB931BBE2238066500AFF868;
					};
				};
			};
			buildConfigurationList = EB931BBA2238066500AFF868 /* Build configuration list for PBXProject "Pace" */;
			compatibilityVersion = "Xcode 9.3";
			developmentRegion = en;
			hasScannedForEncodings = 0;
			knownRegions = (
				en,
				Base,
			);
			mainGroup = EB931BB62238066500AFF868;
			productRefGroup = EB931BC02238066500AFF868 /* Products */;
			projectDirPath = "";
			projectRoot = "";
			targets = (
				EB931BBE2238066500AFF868 /* Pace */,
				EB931BD52238066800AFF868 /* PaceTests */,
				EB931BE02238066800AFF868 /* PaceUITests */,
			);
		};
/* End PBXProject section */

/* Begin PBXResourcesBuildPhase section */
		EB931BBD2238066500AFF868 /* Resources */ = {
			isa = PBXResourcesBuildPhase;
			buildActionMask = 2147483647;
			files = (
				EB931BD02238066800AFF868 /* LaunchScreen.storyboard in Resources */,
				EB931BCD2238066800AFF868 /* Assets.xcassets in Resources */,
				EB931BC82238066500AFF868 /* Main.storyboard in Resources */,
			);
			runOnlyForDeploymentPostprocessing = 0;
		};
		EB931BD42238066800AFF868 /* Resources */ = {
			isa = PBXResourcesBuildPhase;
			buildActionMask = 2147483647;
			files = (
			);
			runOnlyForDeploymentPostprocessing = 0;
		};
		EB931BDF2238066800AFF868 /* Resources */ = {
			isa = PBXResourcesBuildPhase;
			buildActionMask = 2147483647;
			files = (
			);
			runOnlyForDeploymentPostprocessing = 0;
		};
/* End PBXResourcesBuildPhase section */

/* Begin PBXShellScriptBuildPhase section */
		02F28FFC0156DA2E9091E066 /* [CP] Copy Pods Resources */ = {
			isa = PBXShellScriptBuildPhase;
			buildActionMask = 2147483647;
			files = (
			);
			inputFileListPaths = (
			);
			inputPaths = (
				"${SRCROOT}/Pods/Target Support Files/Pods-Pace/Pods-Pace-resources.sh",
				"${PODS_ROOT}/GoogleMaps/Maps/Frameworks/GoogleMaps.framework/Resources/GoogleMaps.bundle",
				"${PODS_ROOT}/GooglePlaces/Frameworks/GooglePlaces.framework/Resources/GooglePlaces.bundle",
			);
			name = "[CP] Copy Pods Resources";
			outputFileListPaths = (
			);
			outputPaths = (
				"${TARGET_BUILD_DIR}/${UNLOCALIZED_RESOURCES_FOLDER_PATH}/GoogleMaps.bundle",
				"${TARGET_BUILD_DIR}/${UNLOCALIZED_RESOURCES_FOLDER_PATH}/GooglePlaces.bundle",
			);
			runOnlyForDeploymentPostprocessing = 0;
			shellPath = /bin/sh;
			shellScript = "\"${SRCROOT}/Pods/Target Support Files/Pods-Pace/Pods-Pace-resources.sh\"\n";
			showEnvVarsInLog = 0;
		};
		857E0C24EC102BBE1A2404C6 /* [CP] Check Pods Manifest.lock */ = {
			isa = PBXShellScriptBuildPhase;
			buildActionMask = 2147483647;
			files = (
			);
			inputFileListPaths = (
			);
			inputPaths = (
				"${PODS_PODFILE_DIR_PATH}/Podfile.lock",
				"${PODS_ROOT}/Manifest.lock",
			);
			name = "[CP] Check Pods Manifest.lock";
			outputFileListPaths = (
			);
			outputPaths = (
				"$(DERIVED_FILE_DIR)/Pods-Pace-checkManifestLockResult.txt",
			);
			runOnlyForDeploymentPostprocessing = 0;
			shellPath = /bin/sh;
			shellScript = "diff \"${PODS_PODFILE_DIR_PATH}/Podfile.lock\" \"${PODS_ROOT}/Manifest.lock\" > /dev/null\nif [ $? != 0 ] ; then\n    # print error to STDERR\n    echo \"error: The sandbox is not in sync with the Podfile.lock. Run 'pod install' or update your CocoaPods installation.\" >&2\n    exit 1\nfi\n# This output is used by Xcode 'outputs' to avoid re-running this script phase.\necho \"SUCCESS\" > \"${SCRIPT_OUTPUT_FILE_0}\"\n";
			showEnvVarsInLog = 0;
		};
		E68BC9062269FE385094AEA5 /* [CP] Check Pods Manifest.lock */ = {
			isa = PBXShellScriptBuildPhase;
			buildActionMask = 2147483647;
			files = (
			);
			inputFileListPaths = (
			);
			inputPaths = (
				"${PODS_PODFILE_DIR_PATH}/Podfile.lock",
				"${PODS_ROOT}/Manifest.lock",
			);
			name = "[CP] Check Pods Manifest.lock";
			outputFileListPaths = (
			);
			outputPaths = (
				"$(DERIVED_FILE_DIR)/Pods-PaceTests-checkManifestLockResult.txt",
			);
			runOnlyForDeploymentPostprocessing = 0;
			shellPath = /bin/sh;
			shellScript = "diff \"${PODS_PODFILE_DIR_PATH}/Podfile.lock\" \"${PODS_ROOT}/Manifest.lock\" > /dev/null\nif [ $? != 0 ] ; then\n    # print error to STDERR\n    echo \"error: The sandbox is not in sync with the Podfile.lock. Run 'pod install' or update your CocoaPods installation.\" >&2\n    exit 1\nfi\n# This output is used by Xcode 'outputs' to avoid re-running this script phase.\necho \"SUCCESS\" > \"${SCRIPT_OUTPUT_FILE_0}\"\n";
			showEnvVarsInLog = 0;
		};
		F11EC8A682C1C63BE99861C1 /* [CP] Check Pods Manifest.lock */ = {
			isa = PBXShellScriptBuildPhase;
			buildActionMask = 2147483647;
			files = (
			);
			inputFileListPaths = (
			);
			inputPaths = (
				"${PODS_PODFILE_DIR_PATH}/Podfile.lock",
				"${PODS_ROOT}/Manifest.lock",
			);
			name = "[CP] Check Pods Manifest.lock";
			outputFileListPaths = (
			);
			outputPaths = (
				"$(DERIVED_FILE_DIR)/Pods-PaceUITests-checkManifestLockResult.txt",
			);
			runOnlyForDeploymentPostprocessing = 0;
			shellPath = /bin/sh;
			shellScript = "diff \"${PODS_PODFILE_DIR_PATH}/Podfile.lock\" \"${PODS_ROOT}/Manifest.lock\" > /dev/null\nif [ $? != 0 ] ; then\n    # print error to STDERR\n    echo \"error: The sandbox is not in sync with the Podfile.lock. Run 'pod install' or update your CocoaPods installation.\" >&2\n    exit 1\nfi\n# This output is used by Xcode 'outputs' to avoid re-running this script phase.\necho \"SUCCESS\" > \"${SCRIPT_OUTPUT_FILE_0}\"\n";
			showEnvVarsInLog = 0;
		};
/* End PBXShellScriptBuildPhase section */

/* Begin PBXSourcesBuildPhase section */
		EB931BBB2238066500AFF868 /* Sources */ = {
			isa = PBXSourcesBuildPhase;
			buildActionMask = 2147483647;
			files = (
				EB931BC52238066500AFF868 /* ViewController.swift in Sources */,
				EBC1644C223CA01100745F91 /* Secrets.swift in Sources */,
				5C8E42D8223CC95500DEC2F4 /* Location.swift in Sources */,
				5C8E42D4223CC84800DEC2F4 /* Pace.swift in Sources */,
				EB931BC32238066500AFF868 /* AppDelegate.swift in Sources */,
				5C751F0E223CD7650082BC93 /* Constants.swift in Sources */,
				5C8E42DA223CCA0D00DEC2F4 /* User.swift in Sources */,
				5C8E42D6223CC85B00DEC2F4 /* CheckPoint.swift in Sources */,
				5C8E42D2223CC80300DEC2F4 /* Route.swift in Sources */,
				EB931BCB2238066500AFF868 /* Pace.xcdatamodeld in Sources */,
			);
			runOnlyForDeploymentPostprocessing = 0;
		};
		EB931BD22238066800AFF868 /* Sources */ = {
			isa = PBXSourcesBuildPhase;
			buildActionMask = 2147483647;
			files = (
				EB931BDB2238066800AFF868 /* PaceTests.swift in Sources */,
			);
			runOnlyForDeploymentPostprocessing = 0;
		};
		EB931BDD2238066800AFF868 /* Sources */ = {
			isa = PBXSourcesBuildPhase;
			buildActionMask = 2147483647;
			files = (
				EB931BE62238066800AFF868 /* PaceUITests.swift in Sources */,
			);
			runOnlyForDeploymentPostprocessing = 0;
		};
/* End PBXSourcesBuildPhase section */

/* Begin PBXTargetDependency section */
		EB931BD82238066800AFF868 /* PBXTargetDependency */ = {
			isa = PBXTargetDependency;
			target = EB931BBE2238066500AFF868 /* Pace */;
			targetProxy = EB931BD72238066800AFF868 /* PBXContainerItemProxy */;
		};
		EB931BE32238066800AFF868 /* PBXTargetDependency */ = {
			isa = PBXTargetDependency;
			target = EB931BBE2238066500AFF868 /* Pace */;
			targetProxy = EB931BE22238066800AFF868 /* PBXContainerItemProxy */;
		};
/* End PBXTargetDependency section */

/* Begin PBXVariantGroup section */
		EB931BC62238066500AFF868 /* Main.storyboard */ = {
			isa = PBXVariantGroup;
			children = (
				EB931BC72238066500AFF868 /* Base */,
			);
			name = Main.storyboard;
			sourceTree = "<group>";
		};
		EB931BCE2238066800AFF868 /* LaunchScreen.storyboard */ = {
			isa = PBXVariantGroup;
			children = (
				EB931BCF2238066800AFF868 /* Base */,
			);
			name = LaunchScreen.storyboard;
			sourceTree = "<group>";
		};
/* End PBXVariantGroup section */

/* Begin XCBuildConfiguration section */
		EB931BE82238066800AFF868 /* Debug */ = {
			isa = XCBuildConfiguration;
			buildSettings = {
				ALWAYS_SEARCH_USER_PATHS = NO;
				CLANG_ANALYZER_NONNULL = YES;
				CLANG_ANALYZER_NUMBER_OBJECT_CONVERSION = YES_AGGRESSIVE;
				CLANG_CXX_LANGUAGE_STANDARD = "gnu++14";
				CLANG_CXX_LIBRARY = "libc++";
				CLANG_ENABLE_MODULES = YES;
				CLANG_ENABLE_OBJC_ARC = YES;
				CLANG_ENABLE_OBJC_WEAK = YES;
				CLANG_WARN_BLOCK_CAPTURE_AUTORELEASING = YES;
				CLANG_WARN_BOOL_CONVERSION = YES;
				CLANG_WARN_COMMA = YES;
				CLANG_WARN_CONSTANT_CONVERSION = YES;
				CLANG_WARN_DEPRECATED_OBJC_IMPLEMENTATIONS = YES;
				CLANG_WARN_DIRECT_OBJC_ISA_USAGE = YES_ERROR;
				CLANG_WARN_DOCUMENTATION_COMMENTS = YES;
				CLANG_WARN_EMPTY_BODY = YES;
				CLANG_WARN_ENUM_CONVERSION = YES;
				CLANG_WARN_INFINITE_RECURSION = YES;
				CLANG_WARN_INT_CONVERSION = YES;
				CLANG_WARN_NON_LITERAL_NULL_CONVERSION = YES;
				CLANG_WARN_OBJC_IMPLICIT_RETAIN_SELF = YES;
				CLANG_WARN_OBJC_LITERAL_CONVERSION = YES;
				CLANG_WARN_OBJC_ROOT_CLASS = YES_ERROR;
				CLANG_WARN_RANGE_LOOP_ANALYSIS = YES;
				CLANG_WARN_STRICT_PROTOTYPES = YES;
				CLANG_WARN_SUSPICIOUS_MOVE = YES;
				CLANG_WARN_UNGUARDED_AVAILABILITY = YES_AGGRESSIVE;
				CLANG_WARN_UNREACHABLE_CODE = YES;
				CLANG_WARN__DUPLICATE_METHOD_MATCH = YES;
				CODE_SIGN_IDENTITY = "iPhone Developer";
				COPY_PHASE_STRIP = NO;
				DEBUG_INFORMATION_FORMAT = dwarf;
				ENABLE_STRICT_OBJC_MSGSEND = YES;
				ENABLE_TESTABILITY = YES;
				GCC_C_LANGUAGE_STANDARD = gnu11;
				GCC_DYNAMIC_NO_PIC = NO;
				GCC_NO_COMMON_BLOCKS = YES;
				GCC_OPTIMIZATION_LEVEL = 0;
				GCC_PREPROCESSOR_DEFINITIONS = (
					"DEBUG=1",
					"$(inherited)",
				);
				GCC_WARN_64_TO_32_BIT_CONVERSION = YES;
				GCC_WARN_ABOUT_RETURN_TYPE = YES_ERROR;
				GCC_WARN_UNDECLARED_SELECTOR = YES;
				GCC_WARN_UNINITIALIZED_AUTOS = YES_AGGRESSIVE;
				GCC_WARN_UNUSED_FUNCTION = YES;
				GCC_WARN_UNUSED_VARIABLE = YES;
				IPHONEOS_DEPLOYMENT_TARGET = 12.1;
				MTL_ENABLE_DEBUG_INFO = INCLUDE_SOURCE;
				MTL_FAST_MATH = YES;
				ONLY_ACTIVE_ARCH = YES;
				SDKROOT = iphoneos;
				SWIFT_ACTIVE_COMPILATION_CONDITIONS = DEBUG;
				SWIFT_OPTIMIZATION_LEVEL = "-Onone";
			};
			name = Debug;
		};
		EB931BE92238066800AFF868 /* Release */ = {
			isa = XCBuildConfiguration;
			buildSettings = {
				ALWAYS_SEARCH_USER_PATHS = NO;
				CLANG_ANALYZER_NONNULL = YES;
				CLANG_ANALYZER_NUMBER_OBJECT_CONVERSION = YES_AGGRESSIVE;
				CLANG_CXX_LANGUAGE_STANDARD = "gnu++14";
				CLANG_CXX_LIBRARY = "libc++";
				CLANG_ENABLE_MODULES = YES;
				CLANG_ENABLE_OBJC_ARC = YES;
				CLANG_ENABLE_OBJC_WEAK = YES;
				CLANG_WARN_BLOCK_CAPTURE_AUTORELEASING = YES;
				CLANG_WARN_BOOL_CONVERSION = YES;
				CLANG_WARN_COMMA = YES;
				CLANG_WARN_CONSTANT_CONVERSION = YES;
				CLANG_WARN_DEPRECATED_OBJC_IMPLEMENTATIONS = YES;
				CLANG_WARN_DIRECT_OBJC_ISA_USAGE = YES_ERROR;
				CLANG_WARN_DOCUMENTATION_COMMENTS = YES;
				CLANG_WARN_EMPTY_BODY = YES;
				CLANG_WARN_ENUM_CONVERSION = YES;
				CLANG_WARN_INFINITE_RECURSION = YES;
				CLANG_WARN_INT_CONVERSION = YES;
				CLANG_WARN_NON_LITERAL_NULL_CONVERSION = YES;
				CLANG_WARN_OBJC_IMPLICIT_RETAIN_SELF = YES;
				CLANG_WARN_OBJC_LITERAL_CONVERSION = YES;
				CLANG_WARN_OBJC_ROOT_CLASS = YES_ERROR;
				CLANG_WARN_RANGE_LOOP_ANALYSIS = YES;
				CLANG_WARN_STRICT_PROTOTYPES = YES;
				CLANG_WARN_SUSPICIOUS_MOVE = YES;
				CLANG_WARN_UNGUARDED_AVAILABILITY = YES_AGGRESSIVE;
				CLANG_WARN_UNREACHABLE_CODE = YES;
				CLANG_WARN__DUPLICATE_METHOD_MATCH = YES;
				CODE_SIGN_IDENTITY = "iPhone Developer";
				COPY_PHASE_STRIP = NO;
				DEBUG_INFORMATION_FORMAT = "dwarf-with-dsym";
				ENABLE_NS_ASSERTIONS = NO;
				ENABLE_STRICT_OBJC_MSGSEND = YES;
				GCC_C_LANGUAGE_STANDARD = gnu11;
				GCC_NO_COMMON_BLOCKS = YES;
				GCC_WARN_64_TO_32_BIT_CONVERSION = YES;
				GCC_WARN_ABOUT_RETURN_TYPE = YES_ERROR;
				GCC_WARN_UNDECLARED_SELECTOR = YES;
				GCC_WARN_UNINITIALIZED_AUTOS = YES_AGGRESSIVE;
				GCC_WARN_UNUSED_FUNCTION = YES;
				GCC_WARN_UNUSED_VARIABLE = YES;
				IPHONEOS_DEPLOYMENT_TARGET = 12.1;
				MTL_ENABLE_DEBUG_INFO = NO;
				MTL_FAST_MATH = YES;
				SDKROOT = iphoneos;
				SWIFT_COMPILATION_MODE = wholemodule;
				SWIFT_OPTIMIZATION_LEVEL = "-O";
				VALIDATE_PRODUCT = YES;
			};
			name = Release;
		};
		EB931BEB2238066800AFF868 /* Debug */ = {
			isa = XCBuildConfiguration;
			baseConfigurationReference = 009F26F74F02A0C26C90665C /* Pods-Pace.debug.xcconfig */;
			buildSettings = {
				ASSETCATALOG_COMPILER_APPICON_NAME = AppIcon;
				CODE_SIGN_STYLE = Automatic;
				DEVELOPMENT_TEAM = W76H98A34A;
				INFOPLIST_FILE = Pace/Info.plist;
				LD_RUNPATH_SEARCH_PATHS = (
					"$(inherited)",
					"@executable_path/Frameworks",
				);
				PRODUCT_BUNDLE_IDENTIFIER = "NUS-ChemDept.Animol";
				PRODUCT_NAME = "$(TARGET_NAME)";
				SWIFT_VERSION = 4.2;
				TARGETED_DEVICE_FAMILY = "1,2";
			};
			name = Debug;
		};
		EB931BEC2238066800AFF868 /* Release */ = {
			isa = XCBuildConfiguration;
			baseConfigurationReference = 5FE7D1CA9EE9886FD4A46F45 /* Pods-Pace.release.xcconfig */;
			buildSettings = {
				ASSETCATALOG_COMPILER_APPICON_NAME = AppIcon;
				CODE_SIGN_STYLE = Automatic;
				DEVELOPMENT_TEAM = W76H98A34A;
				INFOPLIST_FILE = Pace/Info.plist;
				LD_RUNPATH_SEARCH_PATHS = (
					"$(inherited)",
					"@executable_path/Frameworks",
				);
				PRODUCT_BUNDLE_IDENTIFIER = "NUS-ChemDept.Animol";
				PRODUCT_NAME = "$(TARGET_NAME)";
				SWIFT_VERSION = 4.2;
				TARGETED_DEVICE_FAMILY = "1,2";
			};
			name = Release;
		};
		EB931BEE2238066800AFF868 /* Debug */ = {
			isa = XCBuildConfiguration;
			baseConfigurationReference = 13AF00EB8BE493FE42E36E87 /* Pods-PaceTests.debug.xcconfig */;
			buildSettings = {
				ALWAYS_EMBED_SWIFT_STANDARD_LIBRARIES = YES;
				BUNDLE_LOADER = "$(TEST_HOST)";
				CODE_SIGN_STYLE = Automatic;
				DEVELOPMENT_TEAM = W76H98A34A;
				INFOPLIST_FILE = PaceTests/Info.plist;
				LD_RUNPATH_SEARCH_PATHS = (
					"$(inherited)",
					"@executable_path/Frameworks",
					"@loader_path/Frameworks",
				);
				PRODUCT_BUNDLE_IDENTIFIER = nus.cs3217.pace.PaceTests;
				PRODUCT_NAME = "$(TARGET_NAME)";
				SWIFT_VERSION = 4.2;
				TARGETED_DEVICE_FAMILY = "1,2";
				TEST_HOST = "$(BUILT_PRODUCTS_DIR)/Pace.app/Pace";
			};
			name = Debug;
		};
		EB931BEF2238066800AFF868 /* Release */ = {
			isa = XCBuildConfiguration;
			baseConfigurationReference = 5510D2BDF1E796C86A54DBAA /* Pods-PaceTests.release.xcconfig */;
			buildSettings = {
				ALWAYS_EMBED_SWIFT_STANDARD_LIBRARIES = YES;
				BUNDLE_LOADER = "$(TEST_HOST)";
				CODE_SIGN_STYLE = Automatic;
				DEVELOPMENT_TEAM = W76H98A34A;
				INFOPLIST_FILE = PaceTests/Info.plist;
				LD_RUNPATH_SEARCH_PATHS = (
					"$(inherited)",
					"@executable_path/Frameworks",
					"@loader_path/Frameworks",
				);
				PRODUCT_BUNDLE_IDENTIFIER = nus.cs3217.pace.PaceTests;
				PRODUCT_NAME = "$(TARGET_NAME)";
				SWIFT_VERSION = 4.2;
				TARGETED_DEVICE_FAMILY = "1,2";
				TEST_HOST = "$(BUILT_PRODUCTS_DIR)/Pace.app/Pace";
			};
			name = Release;
		};
		EB931BF12238066800AFF868 /* Debug */ = {
			isa = XCBuildConfiguration;
			baseConfigurationReference = 0E01BB1346D898AD0B0015B0 /* Pods-PaceUITests.debug.xcconfig */;
			buildSettings = {
				ALWAYS_EMBED_SWIFT_STANDARD_LIBRARIES = YES;
				CODE_SIGN_STYLE = Automatic;
				DEVELOPMENT_TEAM = W76H98A34A;
				INFOPLIST_FILE = PaceUITests/Info.plist;
				LD_RUNPATH_SEARCH_PATHS = (
					"$(inherited)",
					"@executable_path/Frameworks",
					"@loader_path/Frameworks",
				);
				PRODUCT_BUNDLE_IDENTIFIER = nus.cs3217.pace.PaceUITests;
				PRODUCT_NAME = "$(TARGET_NAME)";
				SWIFT_VERSION = 4.2;
				TARGETED_DEVICE_FAMILY = "1,2";
				TEST_TARGET_NAME = Pace;
			};
			name = Debug;
		};
		EB931BF22238066800AFF868 /* Release */ = {
			isa = XCBuildConfiguration;
			baseConfigurationReference = DD90D41F42753C4B0F69FBD8 /* Pods-PaceUITests.release.xcconfig */;
			buildSettings = {
				ALWAYS_EMBED_SWIFT_STANDARD_LIBRARIES = YES;
				CODE_SIGN_STYLE = Automatic;
				DEVELOPMENT_TEAM = W76H98A34A;
				INFOPLIST_FILE = PaceUITests/Info.plist;
				LD_RUNPATH_SEARCH_PATHS = (
					"$(inherited)",
					"@executable_path/Frameworks",
					"@loader_path/Frameworks",
				);
				PRODUCT_BUNDLE_IDENTIFIER = nus.cs3217.pace.PaceUITests;
				PRODUCT_NAME = "$(TARGET_NAME)";
				SWIFT_VERSION = 4.2;
				TARGETED_DEVICE_FAMILY = "1,2";
				TEST_TARGET_NAME = Pace;
			};
			name = Release;
		};
/* End XCBuildConfiguration section */

/* Begin XCConfigurationList section */
		EB931BBA2238066500AFF868 /* Build configuration list for PBXProject "Pace" */ = {
			isa = XCConfigurationList;
			buildConfigurations = (
				EB931BE82238066800AFF868 /* Debug */,
				EB931BE92238066800AFF868 /* Release */,
			);
			defaultConfigurationIsVisible = 0;
			defaultConfigurationName = Release;
		};
		EB931BEA2238066800AFF868 /* Build configuration list for PBXNativeTarget "Pace" */ = {
			isa = XCConfigurationList;
			buildConfigurations = (
				EB931BEB2238066800AFF868 /* Debug */,
				EB931BEC2238066800AFF868 /* Release */,
			);
			defaultConfigurationIsVisible = 0;
			defaultConfigurationName = Release;
		};
		EB931BED2238066800AFF868 /* Build configuration list for PBXNativeTarget "PaceTests" */ = {
			isa = XCConfigurationList;
			buildConfigurations = (
				EB931BEE2238066800AFF868 /* Debug */,
				EB931BEF2238066800AFF868 /* Release */,
			);
			defaultConfigurationIsVisible = 0;
			defaultConfigurationName = Release;
		};
		EB931BF02238066800AFF868 /* Build configuration list for PBXNativeTarget "PaceUITests" */ = {
			isa = XCConfigurationList;
			buildConfigurations = (
				EB931BF12238066800AFF868 /* Debug */,
				EB931BF22238066800AFF868 /* Release */,
			);
			defaultConfigurationIsVisible = 0;
			defaultConfigurationName = Release;
		};
/* End XCConfigurationList section */

/* Begin XCVersionGroup section */
		EB931BC92238066500AFF868 /* Pace.xcdatamodeld */ = {
			isa = XCVersionGroup;
			children = (
				EB931BCA2238066500AFF868 /* Pace.xcdatamodel */,
			);
			currentVersion = EB931BCA2238066500AFF868 /* Pace.xcdatamodel */;
			path = Pace.xcdatamodeld;
			sourceTree = "<group>";
			versionGroupType = wrapper.xcdatamodel;
		};
/* End XCVersionGroup section */
	};
	rootObject = EB931BB72238066500AFF868 /* Project object */;
}
