// !$*UTF8*$!
{
	archiveVersion = 1;
	classes = {
	};
	objectVersion = 50;
	objects = {

/* Begin PBXBuildFile section */
		188D8CA5C2CEC6CD6E2657C9 /* Pods_PaceTests.framework in Frameworks */ = {isa = PBXBuildFile; fileRef = AC5B5B4E955A78B6929EB023 /* Pods_PaceTests.framework */; };
		5C751F0E223CD7650082BC93 /* Constants.swift in Sources */ = {isa = PBXBuildFile; fileRef = 5C751F0D223CD7650082BC93 /* Constants.swift */; };
		5C8E42D6223CC85B00DEC2F4 /* CheckPoint.swift in Sources */ = {isa = PBXBuildFile; fileRef = 5C8E42D5223CC85B00DEC2F4 /* CheckPoint.swift */; };
		5C8E42DA223CCA0D00DEC2F4 /* User.swift in Sources */ = {isa = PBXBuildFile; fileRef = 5C8E42D9223CCA0D00DEC2F4 /* User.swift */; };
		62097178223CD41900BD26E1 /* RunViewController.swift in Sources */ = {isa = PBXBuildFile; fileRef = 62097177223CD41900BD26E1 /* RunViewController.swift */; };
		6209717D223CDC3100BD26E1 /* StopWatch.xib in Resources */ = {isa = PBXBuildFile; fileRef = 6209717C223CDC3100BD26E1 /* StopWatch.xib */; };
		6209717F223CDFDF00BD26E1 /* StopWatch.swift in Sources */ = {isa = PBXBuildFile; fileRef = 6209717E223CDFDF00BD26E1 /* StopWatch.swift */; };
		62FF750C22413F73008847CC /* CLLocation+Extension.swift in Sources */ = {isa = PBXBuildFile; fileRef = 62FF750B22413F73008847CC /* CLLocation+Extension.swift */; };
		62FF751022415A39008847CC /* FirebaseDB.swift in Sources */ = {isa = PBXBuildFile; fileRef = 62FF750F22415A39008847CC /* FirebaseDB.swift */; };
		62FF751422443E91008847CC /* FirebaseDB+Routes.swift in Sources */ = {isa = PBXBuildFile; fileRef = 62FF751322443E91008847CC /* FirebaseDB+Routes.swift */; };
		62FF751622443EBD008847CC /* FirebaseDB+Paces.swift in Sources */ = {isa = PBXBuildFile; fileRef = 62FF751522443EBD008847CC /* FirebaseDB+Paces.swift */; };
		62FF75252244CE8F008847CC /* ActivityViewController.swift in Sources */ = {isa = PBXBuildFile; fileRef = 62FF75202244CE8F008847CC /* ActivityViewController.swift */; };
		62FF75262244CE8F008847CC /* ProfileViewController.swift in Sources */ = {isa = PBXBuildFile; fileRef = 62FF75212244CE8F008847CC /* ProfileViewController.swift */; };
		62FF75272244CE8F008847CC /* FavouriteViewController.swift in Sources */ = {isa = PBXBuildFile; fileRef = 62FF75222244CE8F008847CC /* FavouriteViewController.swift */; };
		62FF75282244CE8F008847CC /* FriendsFeedViewController.swift in Sources */ = {isa = PBXBuildFile; fileRef = 62FF75232244CE8F008847CC /* FriendsFeedViewController.swift */; };
		71F83142E66EA4579166BE50 /* Pods_Pace.framework in Frameworks */ = {isa = PBXBuildFile; fileRef = 928B400BE1578AC54C04BD25 /* Pods_Pace.framework */; };
		8B044D35223F7C0600AA8449 /* Pace.swift in Sources */ = {isa = PBXBuildFile; fileRef = 8B044D33223F7C0600AA8449 /* Pace.swift */; };
		8B044D36223F7C0600AA8449 /* Route.swift in Sources */ = {isa = PBXBuildFile; fileRef = 8B044D34223F7C0600AA8449 /* Route.swift */; };
		8B59BE59223CD81100C2E9E7 /* Secrets.swift in Sources */ = {isa = PBXBuildFile; fileRef = 8B59BE58223CD81100C2E9E7 /* Secrets.swift */; };
		8B950A6622436FC400421928 /* FirestoreCodable.swift in Sources */ = {isa = PBXBuildFile; fileRef = 8B950A6522436FC400421928 /* FirestoreCodable.swift */; };
		8BA83F402244DFA300FBCBC8 /* UserManager.swift in Sources */ = {isa = PBXBuildFile; fileRef = 8BA83F3F2244DFA300FBCBC8 /* UserManager.swift */; };
		8BDED013223FB9CC00CD778D /* RouteMenuViewController.swift in Sources */ = {isa = PBXBuildFile; fileRef = 8BDED012223FB9CC00CD778D /* RouteMenuViewController.swift */; };
		8BDED015223FE2FA00CD778D /* GoogleService-Info.plist in Resources */ = {isa = PBXBuildFile; fileRef = 8BDED014223FE2FA00CD778D /* GoogleService-Info.plist */; };
		CC5F12453C1016C7B0F89CFE /* Pods_PaceUITests.framework in Frameworks */ = {isa = PBXBuildFile; fileRef = 27F937A4C5195D600A8EEA13 /* Pods_PaceUITests.framework */; };
		EB00C53E224382CA005B2C0E /* FriendsFeedCollectionViewCell.swift in Sources */ = {isa = PBXBuildFile; fileRef = EB00C53D224382CA005B2C0E /* FriendsFeedCollectionViewCell.swift */; };
		EB29FAEC224BA4A100DF2CE6 /* RunningViewController.swift in Sources */ = {isa = PBXBuildFile; fileRef = EB29FAEB224BA4A100DF2CE6 /* RunningViewController.swift */; };
		EB408D392243F99500F9C561 /* FavouriteRoutesCollectionViewCell.swift in Sources */ = {isa = PBXBuildFile; fileRef = EB408D382243F99500F9C561 /* FavouriteRoutesCollectionViewCell.swift */; };
		EB408D3B2244AD1100F9C561 /* VoiceAssistant.swift in Sources */ = {isa = PBXBuildFile; fileRef = EB408D3A2244AD1100F9C561 /* VoiceAssistant.swift */; };
		EB931BC32238066500AFF868 /* AppDelegate.swift in Sources */ = {isa = PBXBuildFile; fileRef = EB931BC22238066500AFF868 /* AppDelegate.swift */; };
		EB931BC82238066500AFF868 /* Main.storyboard in Resources */ = {isa = PBXBuildFile; fileRef = EB931BC62238066500AFF868 /* Main.storyboard */; };
		EB931BCB2238066500AFF868 /* Pace.xcdatamodeld in Sources */ = {isa = PBXBuildFile; fileRef = EB931BC92238066500AFF868 /* Pace.xcdatamodeld */; };
		EB931BCD2238066800AFF868 /* Assets.xcassets in Resources */ = {isa = PBXBuildFile; fileRef = EB931BCC2238066800AFF868 /* Assets.xcassets */; };
		EB931BD02238066800AFF868 /* LaunchScreen.storyboard in Resources */ = {isa = PBXBuildFile; fileRef = EB931BCE2238066800AFF868 /* LaunchScreen.storyboard */; };
		EB931BDB2238066800AFF868 /* PaceTests.swift in Sources */ = {isa = PBXBuildFile; fileRef = EB931BDA2238066800AFF868 /* PaceTests.swift */; };
		EB931BE62238066800AFF868 /* PaceUITests.swift in Sources */ = {isa = PBXBuildFile; fileRef = EB931BE52238066800AFF868 /* PaceUITests.swift */; };
		EBAF2CB32248DC0B000FCE0E /* RoutesListViewController.swift in Sources */ = {isa = PBXBuildFile; fileRef = EBAF2CB22248DC0B000FCE0E /* RoutesListViewController.swift */; };
		EBAF2CB522490EBA000FCE0E /* StopwatchTimer.swift in Sources */ = {isa = PBXBuildFile; fileRef = EBAF2CB422490EBA000FCE0E /* StopwatchTimer.swift */; };
		EBAF2CB822492BD7000FCE0E /* ActivitySummaryViewController.swift in Sources */ = {isa = PBXBuildFile; fileRef = EBAF2CB722492BD6000FCE0E /* ActivitySummaryViewController.swift */; };
		EBAF2CBA22492E7C000FCE0E /* UIViewController+Render.swift in Sources */ = {isa = PBXBuildFile; fileRef = EBAF2CB922492E7C000FCE0E /* UIViewController+Render.swift */; };
/* End PBXBuildFile section */

/* Begin PBXContainerItemProxy section */
		EB931BD72238066800AFF868 /* PBXContainerItemProxy */ = {
			isa = PBXContainerItemProxy;
			containerPortal = EB931BB72238066500AFF868 /* Project object */;
			proxyType = 1;
			remoteGlobalIDString = EB931BBE2238066500AFF868;
			remoteInfo = Pace;
		};
		EB931BE22238066800AFF868 /* PBXContainerItemProxy */ = {
			isa = PBXContainerItemProxy;
			containerPortal = EB931BB72238066500AFF868 /* Project object */;
			proxyType = 1;
			remoteGlobalIDString = EB931BBE2238066500AFF868;
			remoteInfo = Pace;
		};
/* End PBXContainerItemProxy section */

/* Begin PBXFileReference section */
		03C11157F7CEB9999E084193 /* Pods-PaceTests.release.xcconfig */ = {isa = PBXFileReference; includeInIndex = 1; lastKnownFileType = text.xcconfig; name = "Pods-PaceTests.release.xcconfig"; path = "Target Support Files/Pods-PaceTests/Pods-PaceTests.release.xcconfig"; sourceTree = "<group>"; };
		27F937A4C5195D600A8EEA13 /* Pods_PaceUITests.framework */ = {isa = PBXFileReference; explicitFileType = wrapper.framework; includeInIndex = 0; path = Pods_PaceUITests.framework; sourceTree = BUILT_PRODUCTS_DIR; };
		5C751F0D223CD7650082BC93 /* Constants.swift */ = {isa = PBXFileReference; lastKnownFileType = sourcecode.swift; path = Constants.swift; sourceTree = "<group>"; };
		5C8E42D5223CC85B00DEC2F4 /* CheckPoint.swift */ = {isa = PBXFileReference; lastKnownFileType = sourcecode.swift; path = CheckPoint.swift; sourceTree = "<group>"; };
		5C8E42D9223CCA0D00DEC2F4 /* User.swift */ = {isa = PBXFileReference; lastKnownFileType = sourcecode.swift; path = User.swift; sourceTree = "<group>"; };
		62097177223CD41900BD26E1 /* RunViewController.swift */ = {isa = PBXFileReference; lastKnownFileType = sourcecode.swift; path = RunViewController.swift; sourceTree = "<group>"; };
		6209717C223CDC3100BD26E1 /* StopWatch.xib */ = {isa = PBXFileReference; lastKnownFileType = file.xib; path = StopWatch.xib; sourceTree = "<group>"; };
		6209717E223CDFDF00BD26E1 /* StopWatch.swift */ = {isa = PBXFileReference; lastKnownFileType = sourcecode.swift; path = StopWatch.swift; sourceTree = "<group>"; };
		62FF750B22413F73008847CC /* CLLocation+Extension.swift */ = {isa = PBXFileReference; fileEncoding = 4; lastKnownFileType = sourcecode.swift; path = "CLLocation+Extension.swift"; sourceTree = "<group>"; };
		62FF750F22415A39008847CC /* FirebaseDB.swift */ = {isa = PBXFileReference; lastKnownFileType = sourcecode.swift; path = FirebaseDB.swift; sourceTree = "<group>"; };
		62FF751322443E91008847CC /* FirebaseDB+Routes.swift */ = {isa = PBXFileReference; lastKnownFileType = sourcecode.swift; path = "FirebaseDB+Routes.swift"; sourceTree = "<group>"; };
		62FF751522443EBD008847CC /* FirebaseDB+Paces.swift */ = {isa = PBXFileReference; lastKnownFileType = sourcecode.swift; path = "FirebaseDB+Paces.swift"; sourceTree = "<group>"; };
		62FF75202244CE8F008847CC /* ActivityViewController.swift */ = {isa = PBXFileReference; fileEncoding = 4; lastKnownFileType = sourcecode.swift; path = ActivityViewController.swift; sourceTree = "<group>"; };
		62FF75212244CE8F008847CC /* ProfileViewController.swift */ = {isa = PBXFileReference; fileEncoding = 4; lastKnownFileType = sourcecode.swift; path = ProfileViewController.swift; sourceTree = "<group>"; };
		62FF75222244CE8F008847CC /* FavouriteViewController.swift */ = {isa = PBXFileReference; fileEncoding = 4; lastKnownFileType = sourcecode.swift; path = FavouriteViewController.swift; sourceTree = "<group>"; };
		62FF75232244CE8F008847CC /* FriendsFeedViewController.swift */ = {isa = PBXFileReference; fileEncoding = 4; lastKnownFileType = sourcecode.swift; path = FriendsFeedViewController.swift; sourceTree = "<group>"; };
		724E6274DD448C13BED1D633 /* Pods-PaceUITests.release.xcconfig */ = {isa = PBXFileReference; includeInIndex = 1; lastKnownFileType = text.xcconfig; name = "Pods-PaceUITests.release.xcconfig"; path = "Target Support Files/Pods-PaceUITests/Pods-PaceUITests.release.xcconfig"; sourceTree = "<group>"; };
		769C74E96A0B1F7A6C0943E5 /* Pods-PaceTests.debug.xcconfig */ = {isa = PBXFileReference; includeInIndex = 1; lastKnownFileType = text.xcconfig; name = "Pods-PaceTests.debug.xcconfig"; path = "Target Support Files/Pods-PaceTests/Pods-PaceTests.debug.xcconfig"; sourceTree = "<group>"; };
		8B044D33223F7C0600AA8449 /* Pace.swift */ = {isa = PBXFileReference; fileEncoding = 4; lastKnownFileType = sourcecode.swift; path = Pace.swift; sourceTree = "<group>"; };
		8B044D34223F7C0600AA8449 /* Route.swift */ = {isa = PBXFileReference; fileEncoding = 4; lastKnownFileType = sourcecode.swift; path = Route.swift; sourceTree = "<group>"; };
		8B59BE58223CD81100C2E9E7 /* Secrets.swift */ = {isa = PBXFileReference; lastKnownFileType = sourcecode.swift; path = Secrets.swift; sourceTree = "<group>"; };
		8B950A6522436FC400421928 /* FirestoreCodable.swift */ = {isa = PBXFileReference; lastKnownFileType = sourcecode.swift; path = FirestoreCodable.swift; sourceTree = "<group>"; };
		8BA83F3F2244DFA300FBCBC8 /* UserManager.swift */ = {isa = PBXFileReference; lastKnownFileType = sourcecode.swift; path = UserManager.swift; sourceTree = "<group>"; };
		8BDED012223FB9CC00CD778D /* RouteMenuViewController.swift */ = {isa = PBXFileReference; lastKnownFileType = sourcecode.swift; path = RouteMenuViewController.swift; sourceTree = "<group>"; };
		8BDED014223FE2FA00CD778D /* GoogleService-Info.plist */ = {isa = PBXFileReference; fileEncoding = 4; lastKnownFileType = text.plist.xml; path = "GoogleService-Info.plist"; sourceTree = "<group>"; };
		928B400BE1578AC54C04BD25 /* Pods_Pace.framework */ = {isa = PBXFileReference; explicitFileType = wrapper.framework; includeInIndex = 0; path = Pods_Pace.framework; sourceTree = BUILT_PRODUCTS_DIR; };
		9E4EDAB24273E924F479225B /* Pods-Pace.release.xcconfig */ = {isa = PBXFileReference; includeInIndex = 1; lastKnownFileType = text.xcconfig; name = "Pods-Pace.release.xcconfig"; path = "Target Support Files/Pods-Pace/Pods-Pace.release.xcconfig"; sourceTree = "<group>"; };
		AC5B5B4E955A78B6929EB023 /* Pods_PaceTests.framework */ = {isa = PBXFileReference; explicitFileType = wrapper.framework; includeInIndex = 0; path = Pods_PaceTests.framework; sourceTree = BUILT_PRODUCTS_DIR; };
		EB00C53D224382CA005B2C0E /* FriendsFeedCollectionViewCell.swift */ = {isa = PBXFileReference; lastKnownFileType = sourcecode.swift; path = FriendsFeedCollectionViewCell.swift; sourceTree = "<group>"; };
		EB29FAEB224BA4A100DF2CE6 /* RunningViewController.swift */ = {isa = PBXFileReference; lastKnownFileType = sourcecode.swift; path = RunningViewController.swift; sourceTree = "<group>"; };
		EB408D382243F99500F9C561 /* FavouriteRoutesCollectionViewCell.swift */ = {isa = PBXFileReference; lastKnownFileType = sourcecode.swift; path = FavouriteRoutesCollectionViewCell.swift; sourceTree = "<group>"; };
		EB408D3A2244AD1100F9C561 /* VoiceAssistant.swift */ = {isa = PBXFileReference; lastKnownFileType = sourcecode.swift; path = VoiceAssistant.swift; sourceTree = "<group>"; };
		EB931BBF2238066500AFF868 /* Pace.app */ = {isa = PBXFileReference; explicitFileType = wrapper.application; includeInIndex = 0; path = Pace.app; sourceTree = BUILT_PRODUCTS_DIR; };
		EB931BC22238066500AFF868 /* AppDelegate.swift */ = {isa = PBXFileReference; lastKnownFileType = sourcecode.swift; path = AppDelegate.swift; sourceTree = "<group>"; };
		EB931BC72238066500AFF868 /* Base */ = {isa = PBXFileReference; lastKnownFileType = file.storyboard; name = Base; path = Base.lproj/Main.storyboard; sourceTree = "<group>"; };
		EB931BCA2238066500AFF868 /* Pace.xcdatamodel */ = {isa = PBXFileReference; lastKnownFileType = wrapper.xcdatamodel; path = Pace.xcdatamodel; sourceTree = "<group>"; };
		EB931BCC2238066800AFF868 /* Assets.xcassets */ = {isa = PBXFileReference; lastKnownFileType = folder.assetcatalog; path = Assets.xcassets; sourceTree = "<group>"; };
		EB931BCF2238066800AFF868 /* Base */ = {isa = PBXFileReference; lastKnownFileType = file.storyboard; name = Base; path = Base.lproj/LaunchScreen.storyboard; sourceTree = "<group>"; };
		EB931BD12238066800AFF868 /* Info.plist */ = {isa = PBXFileReference; lastKnownFileType = text.plist.xml; path = Info.plist; sourceTree = "<group>"; };
		EB931BD62238066800AFF868 /* PaceTests.xctest */ = {isa = PBXFileReference; explicitFileType = wrapper.cfbundle; includeInIndex = 0; path = PaceTests.xctest; sourceTree = BUILT_PRODUCTS_DIR; };
		EB931BDA2238066800AFF868 /* PaceTests.swift */ = {isa = PBXFileReference; lastKnownFileType = sourcecode.swift; path = PaceTests.swift; sourceTree = "<group>"; };
		EB931BDC2238066800AFF868 /* Info.plist */ = {isa = PBXFileReference; lastKnownFileType = text.plist.xml; path = Info.plist; sourceTree = "<group>"; };
		EB931BE12238066800AFF868 /* PaceUITests.xctest */ = {isa = PBXFileReference; explicitFileType = wrapper.cfbundle; includeInIndex = 0; path = PaceUITests.xctest; sourceTree = BUILT_PRODUCTS_DIR; };
		EB931BE52238066800AFF868 /* PaceUITests.swift */ = {isa = PBXFileReference; lastKnownFileType = sourcecode.swift; path = PaceUITests.swift; sourceTree = "<group>"; };
		EB931BE72238066800AFF868 /* Info.plist */ = {isa = PBXFileReference; lastKnownFileType = text.plist.xml; path = Info.plist; sourceTree = "<group>"; };
		EBAF2CB22248DC0B000FCE0E /* RoutesListViewController.swift */ = {isa = PBXFileReference; lastKnownFileType = sourcecode.swift; path = RoutesListViewController.swift; sourceTree = "<group>"; };
		EBAF2CB422490EBA000FCE0E /* StopwatchTimer.swift */ = {isa = PBXFileReference; lastKnownFileType = sourcecode.swift; path = StopwatchTimer.swift; sourceTree = "<group>"; };
		EBAF2CB722492BD6000FCE0E /* ActivitySummaryViewController.swift */ = {isa = PBXFileReference; lastKnownFileType = sourcecode.swift; path = ActivitySummaryViewController.swift; sourceTree = "<group>"; };
		EBAF2CB922492E7C000FCE0E /* UIViewController+Render.swift */ = {isa = PBXFileReference; lastKnownFileType = sourcecode.swift; path = "UIViewController+Render.swift"; sourceTree = "<group>"; };
		F1B14D43ECC2EE78A3B9F30D /* Pods-PaceUITests.debug.xcconfig */ = {isa = PBXFileReference; includeInIndex = 1; lastKnownFileType = text.xcconfig; name = "Pods-PaceUITests.debug.xcconfig"; path = "Target Support Files/Pods-PaceUITests/Pods-PaceUITests.debug.xcconfig"; sourceTree = "<group>"; };
		F9FB2B1F3D0B2B53565C21FA /* Pods-Pace.debug.xcconfig */ = {isa = PBXFileReference; includeInIndex = 1; lastKnownFileType = text.xcconfig; name = "Pods-Pace.debug.xcconfig"; path = "Target Support Files/Pods-Pace/Pods-Pace.debug.xcconfig"; sourceTree = "<group>"; };
/* End PBXFileReference section */

/* Begin PBXFrameworksBuildPhase section */
		EB931BBC2238066500AFF868 /* Frameworks */ = {
			isa = PBXFrameworksBuildPhase;
			buildActionMask = 2147483647;
			files = (
				71F83142E66EA4579166BE50 /* Pods_Pace.framework in Frameworks */,
			);
			runOnlyForDeploymentPostprocessing = 0;
		};
		EB931BD32238066800AFF868 /* Frameworks */ = {
			isa = PBXFrameworksBuildPhase;
			buildActionMask = 2147483647;
			files = (
				188D8CA5C2CEC6CD6E2657C9 /* Pods_PaceTests.framework in Frameworks */,
			);
			runOnlyForDeploymentPostprocessing = 0;
		};
		EB931BDE2238066800AFF868 /* Frameworks */ = {
			isa = PBXFrameworksBuildPhase;
			buildActionMask = 2147483647;
			files = (
				CC5F12453C1016C7B0F89CFE /* Pods_PaceUITests.framework in Frameworks */,
			);
			runOnlyForDeploymentPostprocessing = 0;
		};
/* End PBXFrameworksBuildPhase section */

/* Begin PBXGroup section */
		5C8E42D0223CC7E900DEC2F4 /* Models */ = {
			isa = PBXGroup;
			children = (
				8B044D33223F7C0600AA8449 /* Pace.swift */,
				8B044D34223F7C0600AA8449 /* Route.swift */,
				5C8E42D9223CCA0D00DEC2F4 /* User.swift */,
				5C8E42D5223CC85B00DEC2F4 /* CheckPoint.swift */,
				5C751F0D223CD7650082BC93 /* Constants.swift */,
				8B950A6522436FC400421928 /* FirestoreCodable.swift */,
				EBAF2CB422490EBA000FCE0E /* StopwatchTimer.swift */,
			);
			name = Models;
			sourceTree = "<group>";
		};
		62097179223CDB2B00BD26E1 /* views */ = {
			isa = PBXGroup;
			children = (
				6209717C223CDC3100BD26E1 /* StopWatch.xib */,
				6209717E223CDFDF00BD26E1 /* StopWatch.swift */,
			);
			name = views;
			sourceTree = "<group>";
		};
		62FF750722412EB8008847CC /* Firestore */ = {
			isa = PBXGroup;
			children = (
				62FF750F22415A39008847CC /* FirebaseDB.swift */,
				62FF751322443E91008847CC /* FirebaseDB+Routes.swift */,
				62FF751522443EBD008847CC /* FirebaseDB+Paces.swift */,
				8BA83F3F2244DFA300FBCBC8 /* UserManager.swift */,
			);
			name = Firestore;
			sourceTree = "<group>";
		};
		720673039073410DB329DE67 /* Frameworks */ = {
			isa = PBXGroup;
			children = (
				928B400BE1578AC54C04BD25 /* Pods_Pace.framework */,
				AC5B5B4E955A78B6929EB023 /* Pods_PaceTests.framework */,
				27F937A4C5195D600A8EEA13 /* Pods_PaceUITests.framework */,
			);
			name = Frameworks;
			sourceTree = "<group>";
		};
		81E8E91CCDCB9BB312FAC8AB /* Pods */ = {
			isa = PBXGroup;
			children = (
				F9FB2B1F3D0B2B53565C21FA /* Pods-Pace.debug.xcconfig */,
				9E4EDAB24273E924F479225B /* Pods-Pace.release.xcconfig */,
				769C74E96A0B1F7A6C0943E5 /* Pods-PaceTests.debug.xcconfig */,
				03C11157F7CEB9999E084193 /* Pods-PaceTests.release.xcconfig */,
				F1B14D43ECC2EE78A3B9F30D /* Pods-PaceUITests.debug.xcconfig */,
				724E6274DD448C13BED1D633 /* Pods-PaceUITests.release.xcconfig */,
			);
			path = Pods;
			sourceTree = "<group>";
		};
		8B59BE5A223CE59600C2E9E7 /* Helpers */ = {
			isa = PBXGroup;
			children = (
				EB408D3A2244AD1100F9C561 /* VoiceAssistant.swift */,
				8B59BE58223CD81100C2E9E7 /* Secrets.swift */,
				62FF750B22413F73008847CC /* CLLocation+Extension.swift */,
				EBAF2CB922492E7C000FCE0E /* UIViewController+Render.swift */,
			);
			name = Helpers;
			sourceTree = "<group>";
		};
		EB00C53C22438291005B2C0E /* Views */ = {
			isa = PBXGroup;
			children = (
				EB408D372243F95D00F9C561 /* FavouritesView */,
				EB00C53F2243966D005B2C0E /* FriendsFeedView */,
			);
			name = Views;
			sourceTree = "<group>";
		};
		EB00C53F2243966D005B2C0E /* FriendsFeedView */ = {
			isa = PBXGroup;
			children = (
				EB00C53D224382CA005B2C0E /* FriendsFeedCollectionViewCell.swift */,
			);
			name = FriendsFeedView;
			sourceTree = "<group>";
		};
		EB408D372243F95D00F9C561 /* FavouritesView */ = {
			isa = PBXGroup;
			children = (
				EB408D382243F99500F9C561 /* FavouriteRoutesCollectionViewCell.swift */,
			);
			name = FavouritesView;
			sourceTree = "<group>";
		};
		EB931BB62238066500AFF868 = {
			isa = PBXGroup;
			children = (
				EB931BC12238066500AFF868 /* Pace */,
				EB931BD92238066800AFF868 /* PaceTests */,
				EB931BE42238066800AFF868 /* PaceUITests */,
				EB931BC02238066500AFF868 /* Products */,
				720673039073410DB329DE67 /* Frameworks */,
				81E8E91CCDCB9BB312FAC8AB /* Pods */,
			);
			sourceTree = "<group>";
		};
		EB931BC02238066500AFF868 /* Products */ = {
			isa = PBXGroup;
			children = (
				EB931BBF2238066500AFF868 /* Pace.app */,
				EB931BD62238066800AFF868 /* PaceTests.xctest */,
				EB931BE12238066800AFF868 /* PaceUITests.xctest */,
			);
			name = Products;
			sourceTree = "<group>";
		};
		EB931BC12238066500AFF868 /* Pace */ = {
			isa = PBXGroup;
			children = (
				EBAF2CB622492BB9000FCE0E /* Activity */,
				EBAF2CB12248DBC0000FCE0E /* Containers */,
				62FF75222244CE8F008847CC /* FavouriteViewController.swift */,
				62FF75232244CE8F008847CC /* FriendsFeedViewController.swift */,
				62FF75212244CE8F008847CC /* ProfileViewController.swift */,
				EB00C53C22438291005B2C0E /* Views */,
				8B59BE5A223CE59600C2E9E7 /* Helpers */,
				5C8E42D0223CC7E900DEC2F4 /* Models */,
				62FF750722412EB8008847CC /* Firestore */,
				62097179223CDB2B00BD26E1 /* views */,
				EBC1644A223C9EE900745F91 /* Supporting Files */,
				EB931BC62238066500AFF868 /* Main.storyboard */,
				EB931BC92238066500AFF868 /* Pace.xcdatamodeld */,
				8BDED012223FB9CC00CD778D /* RouteMenuViewController.swift */,
				62097177223CD41900BD26E1 /* RunViewController.swift */,
			);
			path = Pace;
			sourceTree = "<group>";
		};
		EB931BD92238066800AFF868 /* PaceTests */ = {
			isa = PBXGroup;
			children = (
				EB931BDA2238066800AFF868 /* PaceTests.swift */,
				EB931BDC2238066800AFF868 /* Info.plist */,
			);
			path = PaceTests;
			sourceTree = "<group>";
		};
		EB931BE42238066800AFF868 /* PaceUITests */ = {
			isa = PBXGroup;
			children = (
				EB931BE52238066800AFF868 /* PaceUITests.swift */,
				EB931BE72238066800AFF868 /* Info.plist */,
			);
			path = PaceUITests;
			sourceTree = "<group>";
		};
		EBAF2CB12248DBC0000FCE0E /* Containers */ = {
			isa = PBXGroup;
			children = (
				EBAF2CB22248DC0B000FCE0E /* RoutesListViewController.swift */,
			);
			name = Containers;
			sourceTree = "<group>";
		};
		EBAF2CB622492BB9000FCE0E /* Activity */ = {
			isa = PBXGroup;
			children = (
				62FF75202244CE8F008847CC /* ActivityViewController.swift */,
				EBAF2CB722492BD6000FCE0E /* ActivitySummaryViewController.swift */,
				EB29FAEB224BA4A100DF2CE6 /* RunningViewController.swift */,
			);
			name = Activity;
			sourceTree = "<group>";
		};
		EBC1644A223C9EE900745F91 /* Supporting Files */ = {
			isa = PBXGroup;
			children = (
				8BDED014223FE2FA00CD778D /* GoogleService-Info.plist */,
				EB931BC22238066500AFF868 /* AppDelegate.swift */,
				EB931BCC2238066800AFF868 /* Assets.xcassets */,
				EB931BCE2238066800AFF868 /* LaunchScreen.storyboard */,
				EB931BD12238066800AFF868 /* Info.plist */,
			);
			name = "Supporting Files";
			sourceTree = "<group>";
		};
/* End PBXGroup section */

/* Begin PBXNativeTarget section */
		EB931BBE2238066500AFF868 /* Pace */ = {
			isa = PBXNativeTarget;
			buildConfigurationList = EB931BEA2238066800AFF868 /* Build configuration list for PBXNativeTarget "Pace" */;
			buildPhases = (
				EB0651D1DE32CFE162831674 /* [CP] Check Pods Manifest.lock */,
				EB931BBB2238066500AFF868 /* Sources */,
				EB931BBC2238066500AFF868 /* Frameworks */,
				EB931BBD2238066500AFF868 /* Resources */,
				02F28FFC0156DA2E9091E066 /* [CP] Copy Pods Resources */,
				8733C2CCA5EFA20EF7A533A7 /* [CP] Embed Pods Frameworks */,
			);
			buildRules = (
			);
			dependencies = (
			);
			name = Pace;
			productName = Pace;
			productReference = EB931BBF2238066500AFF868 /* Pace.app */;
			productType = "com.apple.product-type.application";
		};
		EB931BD52238066800AFF868 /* PaceTests */ = {
			isa = PBXNativeTarget;
			buildConfigurationList = EB931BED2238066800AFF868 /* Build configuration list for PBXNativeTarget "PaceTests" */;
			buildPhases = (
				49B170E791FE7A3F25BA5A7E /* [CP] Check Pods Manifest.lock */,
				EB931BD22238066800AFF868 /* Sources */,
				EB931BD32238066800AFF868 /* Frameworks */,
				EB931BD42238066800AFF868 /* Resources */,
			);
			buildRules = (
			);
			dependencies = (
				EB931BD82238066800AFF868 /* PBXTargetDependency */,
			);
			name = PaceTests;
			productName = PaceTests;
			productReference = EB931BD62238066800AFF868 /* PaceTests.xctest */;
			productType = "com.apple.product-type.bundle.unit-test";
		};
		EB931BE02238066800AFF868 /* PaceUITests */ = {
			isa = PBXNativeTarget;
			buildConfigurationList = EB931BF02238066800AFF868 /* Build configuration list for PBXNativeTarget "PaceUITests" */;
			buildPhases = (
				D6C6581E724AA6EDE94CB460 /* [CP] Check Pods Manifest.lock */,
				EB931BDD2238066800AFF868 /* Sources */,
				EB931BDE2238066800AFF868 /* Frameworks */,
				EB931BDF2238066800AFF868 /* Resources */,
			);
			buildRules = (
			);
			dependencies = (
				EB931BE32238066800AFF868 /* PBXTargetDependency */,
			);
			name = PaceUITests;
			productName = PaceUITests;
			productReference = EB931BE12238066800AFF868 /* PaceUITests.xctest */;
			productType = "com.apple.product-type.bundle.ui-testing";
		};
/* End PBXNativeTarget section */

/* Begin PBXProject section */
		EB931BB72238066500AFF868 /* Project object */ = {
			isa = PBXProject;
			attributes = {
				LastSwiftUpdateCheck = 1010;
				LastUpgradeCheck = 1010;
				ORGANIZATIONNAME = nus.cs3217.pace;
				TargetAttributes = {
					EB931BBE2238066500AFF868 = {
						CreatedOnToolsVersion = 10.1;
						SystemCapabilities = {
							com.apple.BackgroundModes = {
								enabled = 1;
							};
						};
					};
					EB931BD52238066800AFF868 = {
						CreatedOnToolsVersion = 10.1;
						TestTargetID = EB931BBE2238066500AFF868;
					};
					EB931BE02238066800AFF868 = {
						CreatedOnToolsVersion = 10.1;
						TestTargetID = EB931BBE2238066500AFF868;
					};
				};
			};
			buildConfigurationList = EB931BBA2238066500AFF868 /* Build configuration list for PBXProject "Pace" */;
			compatibilityVersion = "Xcode 9.3";
			developmentRegion = en;
			hasScannedForEncodings = 0;
			knownRegions = (
				en,
				Base,
			);
			mainGroup = EB931BB62238066500AFF868;
			productRefGroup = EB931BC02238066500AFF868 /* Products */;
			projectDirPath = "";
			projectRoot = "";
			targets = (
				EB931BBE2238066500AFF868 /* Pace */,
				EB931BD52238066800AFF868 /* PaceTests */,
				EB931BE02238066800AFF868 /* PaceUITests */,
			);
		};
/* End PBXProject section */

/* Begin PBXResourcesBuildPhase section */
		EB931BBD2238066500AFF868 /* Resources */ = {
			isa = PBXResourcesBuildPhase;
			buildActionMask = 2147483647;
			files = (
				EB931BD02238066800AFF868 /* LaunchScreen.storyboard in Resources */,
				8BDED015223FE2FA00CD778D /* GoogleService-Info.plist in Resources */,
				EB931BCD2238066800AFF868 /* Assets.xcassets in Resources */,
				EB931BC82238066500AFF868 /* Main.storyboard in Resources */,
				6209717D223CDC3100BD26E1 /* StopWatch.xib in Resources */,
			);
			runOnlyForDeploymentPostprocessing = 0;
		};
		EB931BD42238066800AFF868 /* Resources */ = {
			isa = PBXResourcesBuildPhase;
			buildActionMask = 2147483647;
			files = (
			);
			runOnlyForDeploymentPostprocessing = 0;
		};
		EB931BDF2238066800AFF868 /* Resources */ = {
			isa = PBXResourcesBuildPhase;
			buildActionMask = 2147483647;
			files = (
			);
			runOnlyForDeploymentPostprocessing = 0;
		};
/* End PBXResourcesBuildPhase section */

/* Begin PBXShellScriptBuildPhase section */
		02F28FFC0156DA2E9091E066 /* [CP] Copy Pods Resources */ = {
			isa = PBXShellScriptBuildPhase;
			buildActionMask = 2147483647;
			files = (
			);
			inputFileListPaths = (
			);
			inputPaths = (
				"${PODS_ROOT}/Target Support Files/Pods-Pace/Pods-Pace-resources.sh",
				"${PODS_ROOT}/GoogleMaps/Maps/Frameworks/GoogleMaps.framework/Resources/GoogleMaps.bundle",
				"${PODS_ROOT}/GooglePlaces/Frameworks/GooglePlaces.framework/Resources/GooglePlaces.bundle",
			);
			name = "[CP] Copy Pods Resources";
			outputFileListPaths = (
			);
			outputPaths = (
				"${TARGET_BUILD_DIR}/${UNLOCALIZED_RESOURCES_FOLDER_PATH}/GoogleMaps.bundle",
				"${TARGET_BUILD_DIR}/${UNLOCALIZED_RESOURCES_FOLDER_PATH}/GooglePlaces.bundle",
			);
			runOnlyForDeploymentPostprocessing = 0;
			shellPath = /bin/sh;
			shellScript = "\"${PODS_ROOT}/Target Support Files/Pods-Pace/Pods-Pace-resources.sh\"\n";
			showEnvVarsInLog = 0;
		};
		49B170E791FE7A3F25BA5A7E /* [CP] Check Pods Manifest.lock */ = {
			isa = PBXShellScriptBuildPhase;
			buildActionMask = 2147483647;
			files = (
			);
			inputFileListPaths = (
			);
			inputPaths = (
				"${PODS_PODFILE_DIR_PATH}/Podfile.lock",
				"${PODS_ROOT}/Manifest.lock",
			);
			name = "[CP] Check Pods Manifest.lock";
			outputFileListPaths = (
			);
			outputPaths = (
				"$(DERIVED_FILE_DIR)/Pods-PaceTests-checkManifestLockResult.txt",
			);
			runOnlyForDeploymentPostprocessing = 0;
			shellPath = /bin/sh;
			shellScript = "diff \"${PODS_PODFILE_DIR_PATH}/Podfile.lock\" \"${PODS_ROOT}/Manifest.lock\" > /dev/null\nif [ $? != 0 ] ; then\n    # print error to STDERR\n    echo \"error: The sandbox is not in sync with the Podfile.lock. Run 'pod install' or update your CocoaPods installation.\" >&2\n    exit 1\nfi\n# This output is used by Xcode 'outputs' to avoid re-running this script phase.\necho \"SUCCESS\" > \"${SCRIPT_OUTPUT_FILE_0}\"\n";
			showEnvVarsInLog = 0;
		};
		8733C2CCA5EFA20EF7A533A7 /* [CP] Embed Pods Frameworks */ = {
			isa = PBXShellScriptBuildPhase;
			buildActionMask = 2147483647;
			files = (
			);
			inputFileListPaths = (
			);
			inputPaths = (
				"${PODS_ROOT}/Target Support Files/Pods-Pace/Pods-Pace-frameworks.sh",
				"${BUILT_PRODUCTS_DIR}/Bolts/Bolts.framework",
				"${BUILT_PRODUCTS_DIR}/BoringSSL-GRPC/openssl_grpc.framework",
				"${BUILT_PRODUCTS_DIR}/FBSDKCoreKit/FBSDKCoreKit.framework",
				"${BUILT_PRODUCTS_DIR}/FBSDKLoginKit/FBSDKLoginKit.framework",
				"${BUILT_PRODUCTS_DIR}/FBSDKShareKit/FBSDKShareKit.framework",
				"${BUILT_PRODUCTS_DIR}/FacebookCore/FacebookCore.framework",
				"${BUILT_PRODUCTS_DIR}/FacebookLogin/FacebookLogin.framework",
				"${BUILT_PRODUCTS_DIR}/FacebookShare/FacebookShare.framework",
				"${BUILT_PRODUCTS_DIR}/GTMSessionFetcher/GTMSessionFetcher.framework",
				"${BUILT_PRODUCTS_DIR}/GoogleUtilities/GoogleUtilities.framework",
				"${BUILT_PRODUCTS_DIR}/Protobuf/Protobuf.framework",
				"${BUILT_PRODUCTS_DIR}/gRPC-C++/grpcpp.framework",
				"${BUILT_PRODUCTS_DIR}/gRPC-Core/grpc.framework",
				"${BUILT_PRODUCTS_DIR}/leveldb-library/leveldb.framework",
				"${BUILT_PRODUCTS_DIR}/nanopb/nanopb.framework",
			);
			name = "[CP] Embed Pods Frameworks";
			outputFileListPaths = (
			);
			outputPaths = (
				"${TARGET_BUILD_DIR}/${FRAMEWORKS_FOLDER_PATH}/Bolts.framework",
				"${TARGET_BUILD_DIR}/${FRAMEWORKS_FOLDER_PATH}/openssl_grpc.framework",
				"${TARGET_BUILD_DIR}/${FRAMEWORKS_FOLDER_PATH}/FBSDKCoreKit.framework",
				"${TARGET_BUILD_DIR}/${FRAMEWORKS_FOLDER_PATH}/FBSDKLoginKit.framework",
				"${TARGET_BUILD_DIR}/${FRAMEWORKS_FOLDER_PATH}/FBSDKShareKit.framework",
				"${TARGET_BUILD_DIR}/${FRAMEWORKS_FOLDER_PATH}/FacebookCore.framework",
				"${TARGET_BUILD_DIR}/${FRAMEWORKS_FOLDER_PATH}/FacebookLogin.framework",
				"${TARGET_BUILD_DIR}/${FRAMEWORKS_FOLDER_PATH}/FacebookShare.framework",
				"${TARGET_BUILD_DIR}/${FRAMEWORKS_FOLDER_PATH}/GTMSessionFetcher.framework",
				"${TARGET_BUILD_DIR}/${FRAMEWORKS_FOLDER_PATH}/GoogleUtilities.framework",
				"${TARGET_BUILD_DIR}/${FRAMEWORKS_FOLDER_PATH}/Protobuf.framework",
				"${TARGET_BUILD_DIR}/${FRAMEWORKS_FOLDER_PATH}/grpcpp.framework",
				"${TARGET_BUILD_DIR}/${FRAMEWORKS_FOLDER_PATH}/grpc.framework",
				"${TARGET_BUILD_DIR}/${FRAMEWORKS_FOLDER_PATH}/leveldb.framework",
				"${TARGET_BUILD_DIR}/${FRAMEWORKS_FOLDER_PATH}/nanopb.framework",
			);
			runOnlyForDeploymentPostprocessing = 0;
			shellPath = /bin/sh;
			shellScript = "\"${PODS_ROOT}/Target Support Files/Pods-Pace/Pods-Pace-frameworks.sh\"\n";
			showEnvVarsInLog = 0;
		};
		D6C6581E724AA6EDE94CB460 /* [CP] Check Pods Manifest.lock */ = {
			isa = PBXShellScriptBuildPhase;
			buildActionMask = 2147483647;
			files = (
			);
			inputFileListPaths = (
			);
			inputPaths = (
				"${PODS_PODFILE_DIR_PATH}/Podfile.lock",
				"${PODS_ROOT}/Manifest.lock",
			);
			name = "[CP] Check Pods Manifest.lock";
			outputFileListPaths = (
			);
			outputPaths = (
				"$(DERIVED_FILE_DIR)/Pods-PaceUITests-checkManifestLockResult.txt",
			);
			runOnlyForDeploymentPostprocessing = 0;
			shellPath = /bin/sh;
			shellScript = "diff \"${PODS_PODFILE_DIR_PATH}/Podfile.lock\" \"${PODS_ROOT}/Manifest.lock\" > /dev/null\nif [ $? != 0 ] ; then\n    # print error to STDERR\n    echo \"error: The sandbox is not in sync with the Podfile.lock. Run 'pod install' or update your CocoaPods installation.\" >&2\n    exit 1\nfi\n# This output is used by Xcode 'outputs' to avoid re-running this script phase.\necho \"SUCCESS\" > \"${SCRIPT_OUTPUT_FILE_0}\"\n";
			showEnvVarsInLog = 0;
		};
		EB0651D1DE32CFE162831674 /* [CP] Check Pods Manifest.lock */ = {
			isa = PBXShellScriptBuildPhase;
			buildActionMask = 2147483647;
			files = (
			);
			inputFileListPaths = (
			);
			inputPaths = (
				"${PODS_PODFILE_DIR_PATH}/Podfile.lock",
				"${PODS_ROOT}/Manifest.lock",
			);
			name = "[CP] Check Pods Manifest.lock";
			outputFileListPaths = (
			);
			outputPaths = (
				"$(DERIVED_FILE_DIR)/Pods-Pace-checkManifestLockResult.txt",
			);
			runOnlyForDeploymentPostprocessing = 0;
			shellPath = /bin/sh;
			shellScript = "diff \"${PODS_PODFILE_DIR_PATH}/Podfile.lock\" \"${PODS_ROOT}/Manifest.lock\" > /dev/null\nif [ $? != 0 ] ; then\n    # print error to STDERR\n    echo \"error: The sandbox is not in sync with the Podfile.lock. Run 'pod install' or update your CocoaPods installation.\" >&2\n    exit 1\nfi\n# This output is used by Xcode 'outputs' to avoid re-running this script phase.\necho \"SUCCESS\" > \"${SCRIPT_OUTPUT_FILE_0}\"\n";
			showEnvVarsInLog = 0;
		};
/* End PBXShellScriptBuildPhase section */

/* Begin PBXSourcesBuildPhase section */
		EB931BBB2238066500AFF868 /* Sources */ = {
			isa = PBXSourcesBuildPhase;
			buildActionMask = 2147483647;
			files = (
				8B59BE59223CD81100C2E9E7 /* Secrets.swift in Sources */,
				6209717F223CDFDF00BD26E1 /* StopWatch.swift in Sources */,
				62FF751022415A39008847CC /* FirebaseDB.swift in Sources */,
				62FF75252244CE8F008847CC /* ActivityViewController.swift in Sources */,
				EBAF2CB822492BD7000FCE0E /* ActivitySummaryViewController.swift in Sources */,
				62097178223CD41900BD26E1 /* RunViewController.swift in Sources */,
				EB408D3B2244AD1100F9C561 /* VoiceAssistant.swift in Sources */,
				62FF75262244CE8F008847CC /* ProfileViewController.swift in Sources */,
				EBAF2CBA22492E7C000FCE0E /* UIViewController+Render.swift in Sources */,
				EB931BC32238066500AFF868 /* AppDelegate.swift in Sources */,
				62FF75272244CE8F008847CC /* FavouriteViewController.swift in Sources */,
				8B044D36223F7C0600AA8449 /* Route.swift in Sources */,
				62FF75282244CE8F008847CC /* FriendsFeedViewController.swift in Sources */,
				62FF750C22413F73008847CC /* CLLocation+Extension.swift in Sources */,
				EB00C53E224382CA005B2C0E /* FriendsFeedCollectionViewCell.swift in Sources */,
				5C751F0E223CD7650082BC93 /* Constants.swift in Sources */,
				5C8E42DA223CCA0D00DEC2F4 /* User.swift in Sources */,
				8B044D35223F7C0600AA8449 /* Pace.swift in Sources */,
				8B950A6622436FC400421928 /* FirestoreCodable.swift in Sources */,
				EBAF2CB522490EBA000FCE0E /* StopwatchTimer.swift in Sources */,
				EBAF2CB32248DC0B000FCE0E /* RoutesListViewController.swift in Sources */,
				EB29FAEC224BA4A100DF2CE6 /* RunningViewController.swift in Sources */,
				5C8E42D6223CC85B00DEC2F4 /* CheckPoint.swift in Sources */,
				8BA83F402244DFA300FBCBC8 /* UserManager.swift in Sources */,
				EB408D392243F99500F9C561 /* FavouriteRoutesCollectionViewCell.swift in Sources */,
				EB931BCB2238066500AFF868 /* Pace.xcdatamodeld in Sources */,
				62FF751422443E91008847CC /* FirebaseDB+Routes.swift in Sources */,
				8BDED013223FB9CC00CD778D /* RouteMenuViewController.swift in Sources */,
				62FF751622443EBD008847CC /* FirebaseDB+Paces.swift in Sources */,
			);
			runOnlyForDeploymentPostprocessing = 0;
		};
		EB931BD22238066800AFF868 /* Sources */ = {
			isa = PBXSourcesBuildPhase;
			buildActionMask = 2147483647;
			files = (
				EB931BDB2238066800AFF868 /* PaceTests.swift in Sources */,
			);
			runOnlyForDeploymentPostprocessing = 0;
		};
		EB931BDD2238066800AFF868 /* Sources */ = {
			isa = PBXSourcesBuildPhase;
			buildActionMask = 2147483647;
			files = (
				EB931BE62238066800AFF868 /* PaceUITests.swift in Sources */,
			);
			runOnlyForDeploymentPostprocessing = 0;
		};
/* End PBXSourcesBuildPhase section */

/* Begin PBXTargetDependency section */
		EB931BD82238066800AFF868 /* PBXTargetDependency */ = {
			isa = PBXTargetDependency;
			target = EB931BBE2238066500AFF868 /* Pace */;
			targetProxy = EB931BD72238066800AFF868 /* PBXContainerItemProxy */;
		};
		EB931BE32238066800AFF868 /* PBXTargetDependency */ = {
			isa = PBXTargetDependency;
			target = EB931BBE2238066500AFF868 /* Pace */;
			targetProxy = EB931BE22238066800AFF868 /* PBXContainerItemProxy */;
		};
/* End PBXTargetDependency section */

/* Begin PBXVariantGroup section */
		EB931BC62238066500AFF868 /* Main.storyboard */ = {
			isa = PBXVariantGroup;
			children = (
				EB931BC72238066500AFF868 /* Base */,
			);
			name = Main.storyboard;
			sourceTree = "<group>";
		};
		EB931BCE2238066800AFF868 /* LaunchScreen.storyboard */ = {
			isa = PBXVariantGroup;
			children = (
				EB931BCF2238066800AFF868 /* Base */,
			);
			name = LaunchScreen.storyboard;
			sourceTree = "<group>";
		};
/* End PBXVariantGroup section */

/* Begin XCBuildConfiguration section */
		EB931BE82238066800AFF868 /* Debug */ = {
			isa = XCBuildConfiguration;
			buildSettings = {
				ALWAYS_SEARCH_USER_PATHS = NO;
				CLANG_ANALYZER_NONNULL = YES;
				CLANG_ANALYZER_NUMBER_OBJECT_CONVERSION = YES_AGGRESSIVE;
				CLANG_CXX_LANGUAGE_STANDARD = "gnu++14";
				CLANG_CXX_LIBRARY = "libc++";
				CLANG_ENABLE_MODULES = YES;
				CLANG_ENABLE_OBJC_ARC = YES;
				CLANG_ENABLE_OBJC_WEAK = YES;
				CLANG_WARN_BLOCK_CAPTURE_AUTORELEASING = YES;
				CLANG_WARN_BOOL_CONVERSION = YES;
				CLANG_WARN_COMMA = YES;
				CLANG_WARN_CONSTANT_CONVERSION = YES;
				CLANG_WARN_DEPRECATED_OBJC_IMPLEMENTATIONS = YES;
				CLANG_WARN_DIRECT_OBJC_ISA_USAGE = YES_ERROR;
				CLANG_WARN_DOCUMENTATION_COMMENTS = YES;
				CLANG_WARN_EMPTY_BODY = YES;
				CLANG_WARN_ENUM_CONVERSION = YES;
				CLANG_WARN_INFINITE_RECURSION = YES;
				CLANG_WARN_INT_CONVERSION = YES;
				CLANG_WARN_NON_LITERAL_NULL_CONVERSION = YES;
				CLANG_WARN_OBJC_IMPLICIT_RETAIN_SELF = YES;
				CLANG_WARN_OBJC_LITERAL_CONVERSION = YES;
				CLANG_WARN_OBJC_ROOT_CLASS = YES_ERROR;
				CLANG_WARN_RANGE_LOOP_ANALYSIS = YES;
				CLANG_WARN_STRICT_PROTOTYPES = YES;
				CLANG_WARN_SUSPICIOUS_MOVE = YES;
				CLANG_WARN_UNGUARDED_AVAILABILITY = YES_AGGRESSIVE;
				CLANG_WARN_UNREACHABLE_CODE = YES;
				CLANG_WARN__DUPLICATE_METHOD_MATCH = YES;
				CODE_SIGN_IDENTITY = "iPhone Developer";
				COPY_PHASE_STRIP = NO;
				DEBUG_INFORMATION_FORMAT = dwarf;
				ENABLE_STRICT_OBJC_MSGSEND = YES;
				ENABLE_TESTABILITY = YES;
				GCC_C_LANGUAGE_STANDARD = gnu11;
				GCC_DYNAMIC_NO_PIC = NO;
				GCC_NO_COMMON_BLOCKS = YES;
				GCC_OPTIMIZATION_LEVEL = 0;
				GCC_PREPROCESSOR_DEFINITIONS = (
					"DEBUG=1",
					"$(inherited)",
				);
				GCC_WARN_64_TO_32_BIT_CONVERSION = YES;
				GCC_WARN_ABOUT_RETURN_TYPE = YES_ERROR;
				GCC_WARN_UNDECLARED_SELECTOR = YES;
				GCC_WARN_UNINITIALIZED_AUTOS = YES_AGGRESSIVE;
				GCC_WARN_UNUSED_FUNCTION = YES;
				GCC_WARN_UNUSED_VARIABLE = YES;
				IPHONEOS_DEPLOYMENT_TARGET = 12.1;
				MTL_ENABLE_DEBUG_INFO = INCLUDE_SOURCE;
				MTL_FAST_MATH = YES;
				ONLY_ACTIVE_ARCH = YES;
				SDKROOT = iphoneos;
				SWIFT_ACTIVE_COMPILATION_CONDITIONS = DEBUG;
				SWIFT_OPTIMIZATION_LEVEL = "-Onone";
			};
			name = Debug;
		};
		EB931BE92238066800AFF868 /* Release */ = {
			isa = XCBuildConfiguration;
			buildSettings = {
				ALWAYS_SEARCH_USER_PATHS = NO;
				CLANG_ANALYZER_NONNULL = YES;
				CLANG_ANALYZER_NUMBER_OBJECT_CONVERSION = YES_AGGRESSIVE;
				CLANG_CXX_LANGUAGE_STANDARD = "gnu++14";
				CLANG_CXX_LIBRARY = "libc++";
				CLANG_ENABLE_MODULES = YES;
				CLANG_ENABLE_OBJC_ARC = YES;
				CLANG_ENABLE_OBJC_WEAK = YES;
				CLANG_WARN_BLOCK_CAPTURE_AUTORELEASING = YES;
				CLANG_WARN_BOOL_CONVERSION = YES;
				CLANG_WARN_COMMA = YES;
				CLANG_WARN_CONSTANT_CONVERSION = YES;
				CLANG_WARN_DEPRECATED_OBJC_IMPLEMENTATIONS = YES;
				CLANG_WARN_DIRECT_OBJC_ISA_USAGE = YES_ERROR;
				CLANG_WARN_DOCUMENTATION_COMMENTS = YES;
				CLANG_WARN_EMPTY_BODY = YES;
				CLANG_WARN_ENUM_CONVERSION = YES;
				CLANG_WARN_INFINITE_RECURSION = YES;
				CLANG_WARN_INT_CONVERSION = YES;
				CLANG_WARN_NON_LITERAL_NULL_CONVERSION = YES;
				CLANG_WARN_OBJC_IMPLICIT_RETAIN_SELF = YES;
				CLANG_WARN_OBJC_LITERAL_CONVERSION = YES;
				CLANG_WARN_OBJC_ROOT_CLASS = YES_ERROR;
				CLANG_WARN_RANGE_LOOP_ANALYSIS = YES;
				CLANG_WARN_STRICT_PROTOTYPES = YES;
				CLANG_WARN_SUSPICIOUS_MOVE = YES;
				CLANG_WARN_UNGUARDED_AVAILABILITY = YES_AGGRESSIVE;
				CLANG_WARN_UNREACHABLE_CODE = YES;
				CLANG_WARN__DUPLICATE_METHOD_MATCH = YES;
				CODE_SIGN_IDENTITY = "iPhone Developer";
				COPY_PHASE_STRIP = NO;
				DEBUG_INFORMATION_FORMAT = "dwarf-with-dsym";
				ENABLE_NS_ASSERTIONS = NO;
				ENABLE_STRICT_OBJC_MSGSEND = YES;
				GCC_C_LANGUAGE_STANDARD = gnu11;
				GCC_NO_COMMON_BLOCKS = YES;
				GCC_WARN_64_TO_32_BIT_CONVERSION = YES;
				GCC_WARN_ABOUT_RETURN_TYPE = YES_ERROR;
				GCC_WARN_UNDECLARED_SELECTOR = YES;
				GCC_WARN_UNINITIALIZED_AUTOS = YES_AGGRESSIVE;
				GCC_WARN_UNUSED_FUNCTION = YES;
				GCC_WARN_UNUSED_VARIABLE = YES;
				IPHONEOS_DEPLOYMENT_TARGET = 12.1;
				MTL_ENABLE_DEBUG_INFO = NO;
				MTL_FAST_MATH = YES;
				SDKROOT = iphoneos;
				SWIFT_COMPILATION_MODE = wholemodule;
				SWIFT_OPTIMIZATION_LEVEL = "-O";
				VALIDATE_PRODUCT = YES;
			};
			name = Release;
		};
		EB931BEB2238066800AFF868 /* Debug */ = {
			isa = XCBuildConfiguration;
			baseConfigurationReference = F9FB2B1F3D0B2B53565C21FA /* Pods-Pace.debug.xcconfig */;
			buildSettings = {
				ASSETCATALOG_COMPILER_APPICON_NAME = AppIcon;
				CODE_SIGN_IDENTITY = "iPhone Developer";
				CODE_SIGN_STYLE = Automatic;
				DEVELOPMENT_TEAM = W76H98A34A;
				INFOPLIST_FILE = Pace/Info.plist;
				LD_RUNPATH_SEARCH_PATHS = (
					"$(inherited)",
					"@executable_path/Frameworks",
				);
				PRODUCT_BUNDLE_IDENTIFIER = nus.cs3217.a0166955m.pace;
				PRODUCT_NAME = "$(TARGET_NAME)";
				PROVISIONING_PROFILE_SPECIFIER = "";
				SWIFT_VERSION = 4.2;
				TARGETED_DEVICE_FAMILY = "1,2";
			};
			name = Debug;
		};
		EB931BEC2238066800AFF868 /* Release */ = {
			isa = XCBuildConfiguration;
			baseConfigurationReference = 9E4EDAB24273E924F479225B /* Pods-Pace.release.xcconfig */;
			buildSettings = {
				ASSETCATALOG_COMPILER_APPICON_NAME = AppIcon;
				CODE_SIGN_IDENTITY = "iPhone Developer";
				CODE_SIGN_STYLE = Automatic;
				DEVELOPMENT_TEAM = W76H98A34A;
				INFOPLIST_FILE = Pace/Info.plist;
				LD_RUNPATH_SEARCH_PATHS = (
					"$(inherited)",
					"@executable_path/Frameworks",
				);
				PRODUCT_BUNDLE_IDENTIFIER = nus.cs3217.a0166955m.pace;
				PRODUCT_NAME = "$(TARGET_NAME)";
				PROVISIONING_PROFILE_SPECIFIER = "";
				SWIFT_VERSION = 4.2;
				TARGETED_DEVICE_FAMILY = "1,2";
			};
			name = Release;
		};
		EB931BEE2238066800AFF868 /* Debug */ = {
			isa = XCBuildConfiguration;
			baseConfigurationReference = 769C74E96A0B1F7A6C0943E5 /* Pods-PaceTests.debug.xcconfig */;
			buildSettings = {
				ALWAYS_EMBED_SWIFT_STANDARD_LIBRARIES = YES;
				BUNDLE_LOADER = "$(TEST_HOST)";
				CODE_SIGN_STYLE = Automatic;
				DEVELOPMENT_TEAM = W76H98A34A;
				INFOPLIST_FILE = PaceTests/Info.plist;
				LD_RUNPATH_SEARCH_PATHS = (
					"$(inherited)",
					"@executable_path/Frameworks",
					"@loader_path/Frameworks",
				);
				PRODUCT_BUNDLE_IDENTIFIER = nus.cs3217.pace.PaceTests;
				PRODUCT_NAME = "$(TARGET_NAME)";
				SWIFT_VERSION = 4.2;
				TARGETED_DEVICE_FAMILY = "1,2";
				TEST_HOST = "$(BUILT_PRODUCTS_DIR)/Pace.app/Pace";
			};
			name = Debug;
		};
		EB931BEF2238066800AFF868 /* Release */ = {
			isa = XCBuildConfiguration;
			baseConfigurationReference = 03C11157F7CEB9999E084193 /* Pods-PaceTests.release.xcconfig */;
			buildSettings = {
				ALWAYS_EMBED_SWIFT_STANDARD_LIBRARIES = YES;
				BUNDLE_LOADER = "$(TEST_HOST)";
				CODE_SIGN_STYLE = Automatic;
				DEVELOPMENT_TEAM = W76H98A34A;
				INFOPLIST_FILE = PaceTests/Info.plist;
				LD_RUNPATH_SEARCH_PATHS = (
					"$(inherited)",
					"@executable_path/Frameworks",
					"@loader_path/Frameworks",
				);
				PRODUCT_BUNDLE_IDENTIFIER = nus.cs3217.pace.PaceTests;
				PRODUCT_NAME = "$(TARGET_NAME)";
				SWIFT_VERSION = 4.2;
				TARGETED_DEVICE_FAMILY = "1,2";
				TEST_HOST = "$(BUILT_PRODUCTS_DIR)/Pace.app/Pace";
			};
			name = Release;
		};
		EB931BF12238066800AFF868 /* Debug */ = {
			isa = XCBuildConfiguration;
			baseConfigurationReference = F1B14D43ECC2EE78A3B9F30D /* Pods-PaceUITests.debug.xcconfig */;
			buildSettings = {
				ALWAYS_EMBED_SWIFT_STANDARD_LIBRARIES = YES;
				CODE_SIGN_STYLE = Automatic;
				DEVELOPMENT_TEAM = W76H98A34A;
				INFOPLIST_FILE = PaceUITests/Info.plist;
				LD_RUNPATH_SEARCH_PATHS = (
					"$(inherited)",
					"@executable_path/Frameworks",
					"@loader_path/Frameworks",
				);
				PRODUCT_BUNDLE_IDENTIFIER = nus.cs3217.pace.PaceUITests;
				PRODUCT_NAME = "$(TARGET_NAME)";
				SWIFT_VERSION = 4.2;
				TARGETED_DEVICE_FAMILY = "1,2";
				TEST_TARGET_NAME = Pace;
			};
			name = Debug;
		};
		EB931BF22238066800AFF868 /* Release */ = {
			isa = XCBuildConfiguration;
			baseConfigurationReference = 724E6274DD448C13BED1D633 /* Pods-PaceUITests.release.xcconfig */;
			buildSettings = {
				ALWAYS_EMBED_SWIFT_STANDARD_LIBRARIES = YES;
				CODE_SIGN_STYLE = Automatic;
				DEVELOPMENT_TEAM = W76H98A34A;
				INFOPLIST_FILE = PaceUITests/Info.plist;
				LD_RUNPATH_SEARCH_PATHS = (
					"$(inherited)",
					"@executable_path/Frameworks",
					"@loader_path/Frameworks",
				);
				PRODUCT_BUNDLE_IDENTIFIER = nus.cs3217.pace.PaceUITests;
				PRODUCT_NAME = "$(TARGET_NAME)";
				SWIFT_VERSION = 4.2;
				TARGETED_DEVICE_FAMILY = "1,2";
				TEST_TARGET_NAME = Pace;
			};
			name = Release;
		};
/* End XCBuildConfiguration section */

/* Begin XCConfigurationList section */
		EB931BBA2238066500AFF868 /* Build configuration list for PBXProject "Pace" */ = {
			isa = XCConfigurationList;
			buildConfigurations = (
				EB931BE82238066800AFF868 /* Debug */,
				EB931BE92238066800AFF868 /* Release */,
			);
			defaultConfigurationIsVisible = 0;
			defaultConfigurationName = Release;
		};
		EB931BEA2238066800AFF868 /* Build configuration list for PBXNativeTarget "Pace" */ = {
			isa = XCConfigurationList;
			buildConfigurations = (
				EB931BEB2238066800AFF868 /* Debug */,
				EB931BEC2238066800AFF868 /* Release */,
			);
			defaultConfigurationIsVisible = 0;
			defaultConfigurationName = Release;
		};
		EB931BED2238066800AFF868 /* Build configuration list for PBXNativeTarget "PaceTests" */ = {
			isa = XCConfigurationList;
			buildConfigurations = (
				EB931BEE2238066800AFF868 /* Debug */,
				EB931BEF2238066800AFF868 /* Release */,
			);
			defaultConfigurationIsVisible = 0;
			defaultConfigurationName = Release;
		};
		EB931BF02238066800AFF868 /* Build configuration list for PBXNativeTarget "PaceUITests" */ = {
			isa = XCConfigurationList;
			buildConfigurations = (
				EB931BF12238066800AFF868 /* Debug */,
				EB931BF22238066800AFF868 /* Release */,
			);
			defaultConfigurationIsVisible = 0;
			defaultConfigurationName = Release;
		};
/* End XCConfigurationList section */

/* Begin XCVersionGroup section */
		EB931BC92238066500AFF868 /* Pace.xcdatamodeld */ = {
			isa = XCVersionGroup;
			children = (
				EB931BCA2238066500AFF868 /* Pace.xcdatamodel */,
			);
			currentVersion = EB931BCA2238066500AFF868 /* Pace.xcdatamodel */;
			path = Pace.xcdatamodeld;
			sourceTree = "<group>";
			versionGroupType = wrapper.xcdatamodel;
		};
/* End XCVersionGroup section */
	};
	rootObject = EB931BB72238066500AFF868 /* Project object */;
}
